
Microsoft Visual Studio Solution File, Format Version 10.00
# Visual Studio 2008
Project("{2150E333-8FDC-42A3-9474-1A3956D46DE8}") = "vendors", "vendors", "{01198755-68C9-442C-8389-4DA3039FFDF0}"
	ProjectSection(SolutionItems) = postProject
	EndProjectSection
EndProject
Project("{FAE04EC0-301F-11D3-BF4B-00C04F79EFBC}") = "Mono.Cecil.Rocks", "vendors\Mono.Cecil\rocks\Mono.Cecil.Rocks.csproj", "{FBC6DD59-D09D-499C-B03C-99C1C78FF2AC}"
EndProject
Project("{FAE04EC0-301F-11D3-BF4B-00C04F79EFBC}") = "Cecil.Decompiler", "vendors\Cecil.Decompiler\Cecil.Decompiler\Cecil.Decompiler.csproj", "{ED1BE103-1699-4116-A732-616BEB142EB2}"
EndProject
Project("{FAE04EC0-301F-11D3-BF4B-00C04F79EFBC}") = "Mono.Cecil", "vendors\Mono.Cecil\Mono.Cecil.csproj", "{D68133BD-1E63-496E-9EDE-4FBDBF77B486}"
EndProject
Project("{2150E333-8FDC-42A3-9474-1A3956D46DE8}") = "Core", "Core", "{3DE8C04F-13C6-4C58-8BA1-95E09F9620B5}"
	ProjectSection(SolutionItems) = postProject
	EndProjectSection
EndProject
Project("{2150E333-8FDC-42A3-9474-1A3956D46DE8}") = "Loader", "Loader", "{7155CAF3-9290-45F3-8D91-14CFE8DC181B}"
	ProjectSection(SolutionItems) = postProject
	EndProjectSection
EndProject
Project("{FAE04EC0-301F-11D3-BF4B-00C04F79EFBC}") = "SolidOpt.Core.Loader", "Core\Loader\SolidOpt.Core.Loader.csproj", "{87B6DDB6-966A-4772-BF96-F9BBF921E2DF}"
EndProject
Project("{2150E333-8FDC-42A3-9474-1A3956D46DE8}") = "demo", "demo", "{7842ADE4-475B-4D1C-9D55-ACB02FDE87EF}"
	ProjectSection(SolutionItems) = postProject
	EndProjectSection
EndProject
Project("{2150E333-8FDC-42A3-9474-1A3956D46DE8}") = "StandartLoader", "StandartLoader", "{ECB7BFB9-529F-46C7-ACA8-7DB74C41AC4A}"
	ProjectSection(SolutionItems) = postProject
	EndProjectSection
EndProject
Project("{FAE04EC0-301F-11D3-BF4B-00C04F79EFBC}") = "TransformLoader", "Core\Loader\demo\StandardLoader\Loader\TransformLoader.csproj", "{39655872-F4B6-4698-B326-81B3DA707192}"
EndProject
Project("{FAE04EC0-301F-11D3-BF4B-00C04F79EFBC}") = "Loadee", "Core\Loader\demo\StandardLoader\Loadee\Loadee.csproj", "{7CCE9049-76C5-4D92-9731-FB375C60F9B1}"
EndProject
Project("{2150E333-8FDC-42A3-9474-1A3956D46DE8}") = "Services", "Services", "{3EAB751E-9476-4334-9B19-C75465F08173}"
	ProjectSection(SolutionItems) = postProject
	EndProjectSection
EndProject
Project("{FAE04EC0-301F-11D3-BF4B-00C04F79EFBC}") = "SolidOpt.Services", "Services\SolidOpt.Services.csproj", "{c41b5fb4-dae9-4a27-9d15-55109ab79660}"
EndProject
Project("{2150E333-8FDC-42A3-9474-1A3956D46DE8}") = "Compatibility", "Compatibility", "{6B9C1EF2-6249-4431-B93C-BE082C299FCF}"
	ProjectSection(SolutionItems) = postProject
	EndProjectSection
EndProject
Project("{FAE04EC0-301F-11D3-BF4B-00C04F79EFBC}") = "SolidOpt.Services.Compatibility", "Services\Compatibility\SolidOpt.Services.Compatibility.csproj", "{846d2563-5af8-4459-81c6-59a9da174849}"
EndProject
Project("{2150E333-8FDC-42A3-9474-1A3956D46DE8}") = "Subsystems", "Subsystems", "{B6F78E72-AC1F-4F3F-8FC7-E007D0994F95}"
	ProjectSection(SolutionItems) = postProject
	EndProjectSection
EndProject
Project("{2150E333-8FDC-42A3-9474-1A3956D46DE8}") = "HetAccess", "HetAccess", "{0E5B6B2C-00F1-4EB7-9A85-488B1027C3C7}"
	ProjectSection(SolutionItems) = postProject
	EndProjectSection
EndProject
Project("{FAE04EC0-301F-11D3-BF4B-00C04F79EFBC}") = "SolidOpt.Services.HetAccess", "Services\Subsystems\HetAccess\SolidOpt.Services.HetAccess.csproj", "{2806b750-e3fd-43ed-a395-0961f952314c}"
EndProject
Project("{2150E333-8FDC-42A3-9474-1A3956D46DE8}") = "Cache", "Cache", "{502E32DF-E315-4770-9986-510FF0DB4E00}"
	ProjectSection(SolutionItems) = postProject
	EndProjectSection
EndProject
Project("{FAE04EC0-301F-11D3-BF4B-00C04F79EFBC}") = "SolidOpt.Services.Cache", "Services\Subsystems\Cache\SolidOpt.Services.Cache.csproj", "{de4555cc-c32c-46d2-aa99-e196e5779c43}"
EndProject
Project("{2150E333-8FDC-42A3-9474-1A3956D46DE8}") = "demo", "demo", "{7DC0FCED-0D96-4674-A8CF-0852BF535408}"
	ProjectSection(SolutionItems) = postProject
	EndProjectSection
EndProject
Project("{FAE04EC0-301F-11D3-BF4B-00C04F79EFBC}") = "Cache1", "Services\Subsystems\Cache\demo\Cache1\Cache1.csproj", "{C3A89F18-EA13-4415-AC17-D8FC6D109303}"
EndProject
Project("{2150E333-8FDC-42A3-9474-1A3956D46DE8}") = "Configurator", "Configurator", "{3D40EBA2-76E3-4AB0-A3E5-E9D76DDAF716}"
	ProjectSection(SolutionItems) = postProject
	EndProjectSection
EndProject
Project("{FAE04EC0-301F-11D3-BF4B-00C04F79EFBC}") = "SolidOpt.Services.Configurator", "Services\Subsystems\Configurator\SolidOpt.Services.Configurator.csproj", "{fa31ff3a-8fa8-43b7-92c3-322b9d7255a6}"
EndProject
Project("{2150E333-8FDC-42A3-9474-1A3956D46DE8}") = "demo", "demo", "{18762FBA-0476-4630-A5DD-F0FD01D9DE66}"
	ProjectSection(SolutionItems) = postProject
	EndProjectSection
EndProject
Project("{2150E333-8FDC-42A3-9474-1A3956D46DE8}") = "AdvancedConfigDemo", "AdvancedConfigDemo", "{2C333D94-591E-428A-98E3-0E5A0D0B3580}"
	ProjectSection(SolutionItems) = postProject
	EndProjectSection
EndProject
Project("{FAE04EC0-301F-11D3-BF4B-00C04F79EFBC}") = "AdvancedConfigDemo", "Services\Subsystems\Configurator\demo\AdvancedConfigDemo\AdvancedConfigDemo.csproj", "{D54146BB-B87A-4AA8-AD63-7D9AF1A28BC3}"
EndProject
Project("{2150E333-8FDC-42A3-9474-1A3956D46DE8}") = "SeparateConfig", "SeparateConfig", "{72A2150B-778F-4AE2-BE68-21FB9BCE3CFE}"
	ProjectSection(SolutionItems) = postProject
	EndProjectSection
EndProject
Project("{FAE04EC0-301F-11D3-BF4B-00C04F79EFBC}") = "Config3", "Services\Subsystems\Configurator\demo\SeparateConfig\Config3.csproj", "{846CAC53-FF82-4133-A03F-F214B48790B1}"
EndProject
Project("{2150E333-8FDC-42A3-9474-1A3956D46DE8}") = "Transformations", "Transformations", "{A2B543FD-8163-48DA-A7CB-6D079BD74A5A}"
	ProjectSection(SolutionItems) = postProject
	EndProjectSection
EndProject
Project("{FAE04EC0-301F-11D3-BF4B-00C04F79EFBC}") = "SolidOpt.Services.Transformations", "Services\Transformations\SolidOpt.Services.Transformations.csproj", "{6ea875ad-4277-4ef6-8d5c-03a0995db7fd}"
EndProject
Project("{2150E333-8FDC-42A3-9474-1A3956D46DE8}") = "Optimizations", "Optimizations", "{57FC904C-9E94-4B98-9C5B-03D5824A22AD}"
	ProjectSection(SolutionItems) = postProject
	EndProjectSection
EndProject
Project("{2150E333-8FDC-42A3-9474-1A3956D46DE8}") = "CFG", "CFG", "{C3114C20-3E13-4FD8-B98C-097A961C4F0E}"
	ProjectSection(SolutionItems) = postProject
	EndProjectSection
EndProject
Project("{FAE04EC0-301F-11D3-BF4B-00C04F79EFBC}") = "DeadCodeElimination", "Services\Transformations\Optimizations\CFG\DeadCodeElimination\DeadCodeElimination.csproj", "{A035D611-94A5-458A-B879-292E4AB4C5B0}"
EndProject
Project("{FAE04EC0-301F-11D3-BF4B-00C04F79EFBC}") = "SolidOpt.Services.Optimizations", "Services\Transformations\Optimizations\SolidOpt.Services.Optimizations.csproj", "{cccc9966-8ceb-4451-8ad4-fe48d7ad04bb}"
EndProject
Project("{2150E333-8FDC-42A3-9474-1A3956D46DE8}") = "AST", "AST", "{76549458-BF29-4F92-A7DF-804AD75B78D9}"
	ProjectSection(SolutionItems) = postProject
	EndProjectSection
EndProject
Project("{2150E333-8FDC-42A3-9474-1A3956D46DE8}") = "MethodInline", "MethodInline", "{AC8117A8-5FC5-4141-80AA-B33250D137EE}"
	ProjectSection(SolutionItems) = postProject
	EndProjectSection
EndProject
Project("{FAE04EC0-301F-11D3-BF4B-00C04F79EFBC}") = "SolidOpt.Services.MethodInline", "Services\Transformations\Optimizations\AST\MethodInline\SolidOpt.Services.MethodInline.csproj", "{09A9101B-94C4-46F0-99B5-DA5E658C5A4E}"
EndProject
Project("{FAE04EC0-301F-11D3-BF4B-00C04F79EFBC}") = "SolidOpt.Services.SimplifyExpression", "Services\Transformations\Optimizations\AST\SimplifyExpression\SolidOpt.Services.SimplifyExpression.csproj", "{29CE04D4-BB40-4638-800F-5EBADAB52B69}"
EndProject
Project("{FAE04EC0-301F-11D3-BF4B-00C04F79EFBC}") = "SolidOpt.Services.ConstantPropagation", "Services\Transformations\Optimizations\AST\ConstantPropagation\SolidOpt.Services.ConstantPropagation.csproj", "{1E227DA0-76C7-499C-BFB2-D11E6F212445}"
EndProject
Project("{FAE04EC0-301F-11D3-BF4B-00C04F79EFBC}") = "SolidOpt.Services.ConstantFolding", "Services\Transformations\Optimizations\AST\ConstantFolding\SolidOpt.Services.ConstantFolding.csproj", "{68F2A166-BED6-44F3-9440-3DDF412F4BA4}"
EndProject
Project("{2150E333-8FDC-42A3-9474-1A3956D46DE8}") = "IL", "IL", "{9E11D86A-6302-4564-84EF-D0B4C46643CA}"
	ProjectSection(SolutionItems) = postProject
	EndProjectSection
EndProject
Project("{2150E333-8FDC-42A3-9474-1A3956D46DE8}") = "MethodInline", "MethodInline", "{290649D0-DDE4-480E-A05C-6068123FACC4}"
	ProjectSection(SolutionItems) = postProject
	EndProjectSection
EndProject
Project("{FAE04EC0-301F-11D3-BF4B-00C04F79EFBC}") = "SolidOpt.Services.MethodInline", "Services\Transformations\Optimizations\IL\MethodInline\SolidOpt.Services.MethodInline.csproj", "{9DFD76F4-C25D-4AB8-BC5F-ED932767B84D}"
EndProject
Project("{FAE04EC0-301F-11D3-BF4B-00C04F79EFBC}") = "SolidOpt.Services.OverflowArithmeticRemove", "Services\Transformations\Optimizations\IL\OverflowArithmeticRemove\SolidOpt.Services.OverflowArithmeticRemove.csproj", "{ce5652bd-2574-4a52-916a-d326048d8b43}"
EndProject
Project("{FAE04EC0-301F-11D3-BF4B-00C04F79EFBC}") = "SolidOpt.Services.NopRemove", "Services\Transformations\Optimizations\IL\NopRemove\SolidOpt.Services.NopRemove.csproj", "{f1c147e3-8578-4d5c-b2f8-1516bb43211b}"
EndProject
Project("{FAE04EC0-301F-11D3-BF4B-00C04F79EFBC}") = "SolidOpt.Services.Optimizations.Annotations", "Services\Transformations\Optimizations\SolidOpt.Services.Optimizations.Annotations\SolidOpt.Services.Optimizations.Annotations.csproj", "{C3F549D3-B9A7-45D3-B2E4-22E17717EA56}"
EndProject
Project("{2150E333-8FDC-42A3-9474-1A3956D46DE8}") = "Multimodel", "Multimodel", "{51E3BADE-E437-4B3F-8AC8-6BC31FFACCE1}"
	ProjectSection(SolutionItems) = postProject
	EndProjectSection
EndProject
Project("{FAE04EC0-301F-11D3-BF4B-00C04F79EFBC}") = "SolidOpt.Services.Multimodel", "Services\Transformations\Multimodel\SolidOpt.Services.Multimodel.csproj", "{02e6657d-3102-4d7e-94b5-6b38a0e34a86}"
EndProject
Project("{2150E333-8FDC-42A3-9474-1A3956D46DE8}") = "AstMethodDefinitionModel", "AstMethodDefinitionModel", "{AA0FB6DA-1D11-4127-AEC7-F580A0A70920}"
	ProjectSection(SolutionItems) = postProject
	EndProjectSection
EndProject
Project("{FAE04EC0-301F-11D3-BF4B-00C04F79EFBC}") = "SolidOpt.Services.AstMethodDefinitionModel", "Services\Transformations\Multimodel\AstMethodDefinitionModel\SolidOpt.Services.AstMethodDefinitionModel.csproj", "{009B19FC-7D5E-4F38-8421-7A63115C23E8}"
EndProject
Project("{2150E333-8FDC-42A3-9474-1A3956D46DE8}") = "ASTtoIL", "ASTtoIL", "{640C594D-5933-4395-B29D-48EF827010D7}"
	ProjectSection(SolutionItems) = postProject
	EndProjectSection
EndProject
Project("{FAE04EC0-301F-11D3-BF4B-00C04F79EFBC}") = "SolidOpt.Services.ASTtoIL", "Services\Transformations\Multimodel\ASTtoIL\SolidOpt.Services.ASTtoIL.csproj", "{12F84CA5-C981-420D-8CFA-24B68ED11DCE}"
EndProject
Project("{2150E333-8FDC-42A3-9474-1A3956D46DE8}") = "ILtoCFG", "ILtoCFG", "{7347C8B1-1D93-4C39-945D-4BF1B7C11459}"
	ProjectSection(SolutionItems) = postProject
	EndProjectSection
EndProject
Project("{FAE04EC0-301F-11D3-BF4B-00C04F79EFBC}") = "SolidOpt.Services.ILtoCFG", "Services\Transformations\Multimodel\ILtoCFG\SolidOpt.Services.ILtoCFG.csproj", "{3ADFD79B-EE89-4E79-85E6-33DDECC8459A}"
EndProject
Project("{2150E333-8FDC-42A3-9474-1A3956D46DE8}") = "ILtoAST", "ILtoAST", "{855610B9-ED24-4355-A0DE-721F7E362A24}"
	ProjectSection(SolutionItems) = postProject
	EndProjectSection
EndProject
Project("{FAE04EC0-301F-11D3-BF4B-00C04F79EFBC}") = "SolidOpt.Services.ILtoAST", "Services\Transformations\Multimodel\ILtoAST\SolidOpt.Services.ILtoAST.csproj", "{2CEFC6BD-6924-4E76-97BF-4C9951F09D1F}"
EndProject
Project("{2150E333-8FDC-42A3-9474-1A3956D46DE8}") = "CodeModel", "CodeModel", "{0A9D7C9B-3CE5-44A8-B501-E41DC824CE11}"
	ProjectSection(SolutionItems) = postProject
	EndProjectSection
EndProject
Project("{FAE04EC0-301F-11D3-BF4B-00C04F79EFBC}") = "SolidOpt.Services.ControlFlowGraph", "Services\Transformations\CodeModel\ControlFlowGraph\SolidOpt.Services.ControlFlowGraph.csproj", "{43A760A8-E789-4E27-A3C3-182CD847D07C}"
EndProject
Global
	GlobalSection(SolutionConfigurationPlatforms) = preSolution
		Debug|Any CPU = Debug|Any CPU
		Release|Any CPU = Release|Any CPU
	EndGlobalSection
	GlobalSection(ProjectConfigurationPlatforms) = postSolution
		{009B19FC-7D5E-4F38-8421-7A63115C23E8}.Debug|Any CPU.ActiveCfg = Debug|Any CPU
		{009B19FC-7D5E-4F38-8421-7A63115C23E8}.Debug|Any CPU.Build.0 = Debug|Any CPU
		{009B19FC-7D5E-4F38-8421-7A63115C23E8}.Release|Any CPU.ActiveCfg = Release|Any CPU
		{009B19FC-7D5E-4F38-8421-7A63115C23E8}.Release|Any CPU.Build.0 = Release|Any CPU
		{02e6657d-3102-4d7e-94b5-6b38a0e34a86}.Debug|Any CPU.ActiveCfg = Debug|Any CPU
		{02e6657d-3102-4d7e-94b5-6b38a0e34a86}.Debug|Any CPU.Build.0 = Debug|Any CPU
		{02e6657d-3102-4d7e-94b5-6b38a0e34a86}.Release|Any CPU.ActiveCfg = Release|Any CPU
		{02e6657d-3102-4d7e-94b5-6b38a0e34a86}.Release|Any CPU.Build.0 = Release|Any CPU
		{09A9101B-94C4-46F0-99B5-DA5E658C5A4E}.Debug|Any CPU.ActiveCfg = Debug|Any CPU
		{09A9101B-94C4-46F0-99B5-DA5E658C5A4E}.Debug|Any CPU.Build.0 = Debug|Any CPU
		{09A9101B-94C4-46F0-99B5-DA5E658C5A4E}.Release|Any CPU.ActiveCfg = Release|Any CPU
		{09A9101B-94C4-46F0-99B5-DA5E658C5A4E}.Release|Any CPU.Build.0 = Release|Any CPU
		{12F84CA5-C981-420D-8CFA-24B68ED11DCE}.Debug|Any CPU.ActiveCfg = Debug|Any CPU
		{12F84CA5-C981-420D-8CFA-24B68ED11DCE}.Debug|Any CPU.Build.0 = Debug|Any CPU
		{12F84CA5-C981-420D-8CFA-24B68ED11DCE}.Release|Any CPU.ActiveCfg = Release|Any CPU
		{12F84CA5-C981-420D-8CFA-24B68ED11DCE}.Release|Any CPU.Build.0 = Release|Any CPU
		{1E227DA0-76C7-499C-BFB2-D11E6F212445}.Debug|Any CPU.ActiveCfg = Debug|Any CPU
		{1E227DA0-76C7-499C-BFB2-D11E6F212445}.Debug|Any CPU.Build.0 = Debug|Any CPU
		{1E227DA0-76C7-499C-BFB2-D11E6F212445}.Release|Any CPU.ActiveCfg = Release|Any CPU
		{1E227DA0-76C7-499C-BFB2-D11E6F212445}.Release|Any CPU.Build.0 = Release|Any CPU
		{2806b750-e3fd-43ed-a395-0961f952314c}.Debug|Any CPU.ActiveCfg = Debug|Any CPU
		{2806b750-e3fd-43ed-a395-0961f952314c}.Debug|Any CPU.Build.0 = Debug|Any CPU
		{2806b750-e3fd-43ed-a395-0961f952314c}.Release|Any CPU.ActiveCfg = Release|Any CPU
		{2806b750-e3fd-43ed-a395-0961f952314c}.Release|Any CPU.Build.0 = Release|Any CPU
		{29CE04D4-BB40-4638-800F-5EBADAB52B69}.Debug|Any CPU.ActiveCfg = Debug|Any CPU
		{29CE04D4-BB40-4638-800F-5EBADAB52B69}.Debug|Any CPU.Build.0 = Debug|Any CPU
		{29CE04D4-BB40-4638-800F-5EBADAB52B69}.Release|Any CPU.ActiveCfg = Release|Any CPU
		{29CE04D4-BB40-4638-800F-5EBADAB52B69}.Release|Any CPU.Build.0 = Release|Any CPU
		{2CEFC6BD-6924-4E76-97BF-4C9951F09D1F}.Debug|Any CPU.ActiveCfg = Debug|Any CPU
		{2CEFC6BD-6924-4E76-97BF-4C9951F09D1F}.Debug|Any CPU.Build.0 = Debug|Any CPU
		{2CEFC6BD-6924-4E76-97BF-4C9951F09D1F}.Release|Any CPU.ActiveCfg = Release|Any CPU
		{2CEFC6BD-6924-4E76-97BF-4C9951F09D1F}.Release|Any CPU.Build.0 = Release|Any CPU
		{39655872-F4B6-4698-B326-81B3DA707192}.Debug|Any CPU.ActiveCfg = Debug|Any CPU
		{39655872-F4B6-4698-B326-81B3DA707192}.Debug|Any CPU.Build.0 = Debug|Any CPU
		{39655872-F4B6-4698-B326-81B3DA707192}.Release|Any CPU.ActiveCfg = Release|Any CPU
		{39655872-F4B6-4698-B326-81B3DA707192}.Release|Any CPU.Build.0 = Release|Any CPU
		{3ADFD79B-EE89-4E79-85E6-33DDECC8459A}.Debug|Any CPU.ActiveCfg = Debug|Any CPU
		{3ADFD79B-EE89-4E79-85E6-33DDECC8459A}.Debug|Any CPU.Build.0 = Debug|Any CPU
		{3ADFD79B-EE89-4E79-85E6-33DDECC8459A}.Release|Any CPU.ActiveCfg = Release|Any CPU
		{3ADFD79B-EE89-4E79-85E6-33DDECC8459A}.Release|Any CPU.Build.0 = Release|Any CPU
		{43A760A8-E789-4E27-A3C3-182CD847D07C}.Debug|Any CPU.ActiveCfg = Debug|Any CPU
		{43A760A8-E789-4E27-A3C3-182CD847D07C}.Debug|Any CPU.Build.0 = Debug|Any CPU
		{43A760A8-E789-4E27-A3C3-182CD847D07C}.Release|Any CPU.ActiveCfg = Release|Any CPU
		{43A760A8-E789-4E27-A3C3-182CD847D07C}.Release|Any CPU.Build.0 = Release|Any CPU
		{68F2A166-BED6-44F3-9440-3DDF412F4BA4}.Debug|Any CPU.ActiveCfg = Debug|Any CPU
		{68F2A166-BED6-44F3-9440-3DDF412F4BA4}.Debug|Any CPU.Build.0 = Debug|Any CPU
		{68F2A166-BED6-44F3-9440-3DDF412F4BA4}.Release|Any CPU.ActiveCfg = Release|Any CPU
		{68F2A166-BED6-44F3-9440-3DDF412F4BA4}.Release|Any CPU.Build.0 = Release|Any CPU
		{6ea875ad-4277-4ef6-8d5c-03a0995db7fd}.Debug|Any CPU.ActiveCfg = Debug|Any CPU
		{6ea875ad-4277-4ef6-8d5c-03a0995db7fd}.Debug|Any CPU.Build.0 = Debug|Any CPU
		{6ea875ad-4277-4ef6-8d5c-03a0995db7fd}.Release|Any CPU.ActiveCfg = Release|Any CPU
		{6ea875ad-4277-4ef6-8d5c-03a0995db7fd}.Release|Any CPU.Build.0 = Release|Any CPU
		{7CCE9049-76C5-4D92-9731-FB375C60F9B1}.Debug|Any CPU.ActiveCfg = Debug|Any CPU
		{7CCE9049-76C5-4D92-9731-FB375C60F9B1}.Debug|Any CPU.Build.0 = Debug|Any CPU
		{7CCE9049-76C5-4D92-9731-FB375C60F9B1}.Release|Any CPU.ActiveCfg = Release|Any CPU
		{7CCE9049-76C5-4D92-9731-FB375C60F9B1}.Release|Any CPU.Build.0 = Release|Any CPU
		{846CAC53-FF82-4133-A03F-F214B48790B1}.Debug|Any CPU.ActiveCfg = Debug|Any CPU
		{846CAC53-FF82-4133-A03F-F214B48790B1}.Debug|Any CPU.Build.0 = Debug|Any CPU
		{846CAC53-FF82-4133-A03F-F214B48790B1}.Release|Any CPU.ActiveCfg = Release|Any CPU
		{846CAC53-FF82-4133-A03F-F214B48790B1}.Release|Any CPU.Build.0 = Release|Any CPU
		{846d2563-5af8-4459-81c6-59a9da174849}.Debug|Any CPU.ActiveCfg = Debug|Any CPU
		{846d2563-5af8-4459-81c6-59a9da174849}.Debug|Any CPU.Build.0 = Debug|Any CPU
		{846d2563-5af8-4459-81c6-59a9da174849}.Release|Any CPU.ActiveCfg = Release|Any CPU
		{846d2563-5af8-4459-81c6-59a9da174849}.Release|Any CPU.Build.0 = Release|Any CPU
		{87B6DDB6-966A-4772-BF96-F9BBF921E2DF}.Debug|Any CPU.ActiveCfg = Debug|Any CPU
		{87B6DDB6-966A-4772-BF96-F9BBF921E2DF}.Debug|Any CPU.Build.0 = Debug|Any CPU
		{87B6DDB6-966A-4772-BF96-F9BBF921E2DF}.Release|Any CPU.ActiveCfg = Release|Any CPU
		{87B6DDB6-966A-4772-BF96-F9BBF921E2DF}.Release|Any CPU.Build.0 = Release|Any CPU
		{9DFD76F4-C25D-4AB8-BC5F-ED932767B84D}.Debug|Any CPU.ActiveCfg = Debug|Any CPU
		{9DFD76F4-C25D-4AB8-BC5F-ED932767B84D}.Debug|Any CPU.Build.0 = Debug|Any CPU
		{9DFD76F4-C25D-4AB8-BC5F-ED932767B84D}.Release|Any CPU.ActiveCfg = Release|Any CPU
		{9DFD76F4-C25D-4AB8-BC5F-ED932767B84D}.Release|Any CPU.Build.0 = Release|Any CPU
		{A035D611-94A5-458A-B879-292E4AB4C5B0}.Debug|Any CPU.ActiveCfg = Debug|Any CPU
		{A035D611-94A5-458A-B879-292E4AB4C5B0}.Debug|Any CPU.Build.0 = Debug|Any CPU
		{A035D611-94A5-458A-B879-292E4AB4C5B0}.Release|Any CPU.ActiveCfg = Release|Any CPU
		{A035D611-94A5-458A-B879-292E4AB4C5B0}.Release|Any CPU.Build.0 = Release|Any CPU
		{C3A89F18-EA13-4415-AC17-D8FC6D109303}.Debug|Any CPU.ActiveCfg = Debug|Any CPU
		{C3A89F18-EA13-4415-AC17-D8FC6D109303}.Debug|Any CPU.Build.0 = Debug|Any CPU
		{C3A89F18-EA13-4415-AC17-D8FC6D109303}.Release|Any CPU.ActiveCfg = Release|Any CPU
		{C3A89F18-EA13-4415-AC17-D8FC6D109303}.Release|Any CPU.Build.0 = Release|Any CPU
		{C3F549D3-B9A7-45D3-B2E4-22E17717EA56}.Debug|Any CPU.ActiveCfg = Debug|Any CPU
		{C3F549D3-B9A7-45D3-B2E4-22E17717EA56}.Debug|Any CPU.Build.0 = Debug|Any CPU
		{C3F549D3-B9A7-45D3-B2E4-22E17717EA56}.Release|Any CPU.ActiveCfg = Release|Any CPU
		{C3F549D3-B9A7-45D3-B2E4-22E17717EA56}.Release|Any CPU.Build.0 = Release|Any CPU
		{c41b5fb4-dae9-4a27-9d15-55109ab79660}.Debug|Any CPU.ActiveCfg = Debug|Any CPU
		{c41b5fb4-dae9-4a27-9d15-55109ab79660}.Debug|Any CPU.Build.0 = Debug|Any CPU
		{c41b5fb4-dae9-4a27-9d15-55109ab79660}.Release|Any CPU.ActiveCfg = Release|Any CPU
		{c41b5fb4-dae9-4a27-9d15-55109ab79660}.Release|Any CPU.Build.0 = Release|Any CPU
		{cccc9966-8ceb-4451-8ad4-fe48d7ad04bb}.Debug|Any CPU.ActiveCfg = Debug|Any CPU
		{cccc9966-8ceb-4451-8ad4-fe48d7ad04bb}.Debug|Any CPU.Build.0 = Debug|Any CPU
		{cccc9966-8ceb-4451-8ad4-fe48d7ad04bb}.Release|Any CPU.ActiveCfg = Release|Any CPU
		{cccc9966-8ceb-4451-8ad4-fe48d7ad04bb}.Release|Any CPU.Build.0 = Release|Any CPU
		{ce5652bd-2574-4a52-916a-d326048d8b43}.Debug|Any CPU.ActiveCfg = Debug|Any CPU
		{ce5652bd-2574-4a52-916a-d326048d8b43}.Debug|Any CPU.Build.0 = Debug|Any CPU
		{ce5652bd-2574-4a52-916a-d326048d8b43}.Release|Any CPU.ActiveCfg = Release|Any CPU
		{ce5652bd-2574-4a52-916a-d326048d8b43}.Release|Any CPU.Build.0 = Release|Any CPU
		{D54146BB-B87A-4AA8-AD63-7D9AF1A28BC3}.Debug|Any CPU.ActiveCfg = Debug|Any CPU
		{D54146BB-B87A-4AA8-AD63-7D9AF1A28BC3}.Debug|Any CPU.Build.0 = Debug|Any CPU
		{D54146BB-B87A-4AA8-AD63-7D9AF1A28BC3}.Release|Any CPU.ActiveCfg = Release|Any CPU
		{D54146BB-B87A-4AA8-AD63-7D9AF1A28BC3}.Release|Any CPU.Build.0 = Release|Any CPU
		{D68133BD-1E63-496E-9EDE-4FBDBF77B486}.Debug|Any CPU.ActiveCfg = Debug|Any CPU
		{D68133BD-1E63-496E-9EDE-4FBDBF77B486}.Debug|Any CPU.Build.0 = Debug|Any CPU
		{D68133BD-1E63-496E-9EDE-4FBDBF77B486}.Release|Any CPU.ActiveCfg = Release|Any CPU
		{D68133BD-1E63-496E-9EDE-4FBDBF77B486}.Release|Any CPU.Build.0 = Release|Any CPU
		{de4555cc-c32c-46d2-aa99-e196e5779c43}.Debug|Any CPU.ActiveCfg = Debug|Any CPU
		{de4555cc-c32c-46d2-aa99-e196e5779c43}.Debug|Any CPU.Build.0 = Debug|Any CPU
		{de4555cc-c32c-46d2-aa99-e196e5779c43}.Release|Any CPU.ActiveCfg = Release|Any CPU
		{de4555cc-c32c-46d2-aa99-e196e5779c43}.Release|Any CPU.Build.0 = Release|Any CPU
		{ED1BE103-1699-4116-A732-616BEB142EB2}.Debug|Any CPU.ActiveCfg = Debug|Any CPU
		{ED1BE103-1699-4116-A732-616BEB142EB2}.Debug|Any CPU.Build.0 = Debug|Any CPU
		{ED1BE103-1699-4116-A732-616BEB142EB2}.Release|Any CPU.ActiveCfg = Release|Any CPU
		{ED1BE103-1699-4116-A732-616BEB142EB2}.Release|Any CPU.Build.0 = Release|Any CPU
		{f1c147e3-8578-4d5c-b2f8-1516bb43211b}.Debug|Any CPU.ActiveCfg = Debug|Any CPU
		{f1c147e3-8578-4d5c-b2f8-1516bb43211b}.Debug|Any CPU.Build.0 = Debug|Any CPU
		{f1c147e3-8578-4d5c-b2f8-1516bb43211b}.Release|Any CPU.ActiveCfg = Release|Any CPU
		{f1c147e3-8578-4d5c-b2f8-1516bb43211b}.Release|Any CPU.Build.0 = Release|Any CPU
		{fa31ff3a-8fa8-43b7-92c3-322b9d7255a6}.Debug|Any CPU.ActiveCfg = Debug|Any CPU
		{fa31ff3a-8fa8-43b7-92c3-322b9d7255a6}.Debug|Any CPU.Build.0 = Debug|Any CPU
		{fa31ff3a-8fa8-43b7-92c3-322b9d7255a6}.Release|Any CPU.ActiveCfg = Release|Any CPU
		{fa31ff3a-8fa8-43b7-92c3-322b9d7255a6}.Release|Any CPU.Build.0 = Release|Any CPU
		{FBC6DD59-D09D-499C-B03C-99C1C78FF2AC}.Debug|Any CPU.ActiveCfg = Debug|Any CPU
		{FBC6DD59-D09D-499C-B03C-99C1C78FF2AC}.Debug|Any CPU.Build.0 = Debug|Any CPU
		{FBC6DD59-D09D-499C-B03C-99C1C78FF2AC}.Release|Any CPU.ActiveCfg = Release|Any CPU
		{FBC6DD59-D09D-499C-B03C-99C1C78FF2AC}.Release|Any CPU.Build.0 = Release|Any CPU
		{DE4555CC-C32C-46D2-AA99-E196E5779C43}.Debug|Any CPU.Build.0 = Debug|Any CPU
		{DE4555CC-C32C-46D2-AA99-E196E5779C43}.Debug|Any CPU.ActiveCfg = Debug|Any CPU
		{DE4555CC-C32C-46D2-AA99-E196E5779C43}.Release|Any CPU.Build.0 = Release|Any CPU
		{DE4555CC-C32C-46D2-AA99-E196E5779C43}.Release|Any CPU.ActiveCfg = Release|Any CPU
		{2806B750-E3FD-43ED-A395-0961F952314C}.Debug|Any CPU.Build.0 = Debug|Any CPU
		{2806B750-E3FD-43ED-A395-0961F952314C}.Debug|Any CPU.ActiveCfg = Debug|Any CPU
		{2806B750-E3FD-43ED-A395-0961F952314C}.Release|Any CPU.Build.0 = Release|Any CPU
		{2806B750-E3FD-43ED-A395-0961F952314C}.Release|Any CPU.ActiveCfg = Release|Any CPU
		{02E6657D-3102-4D7E-94B5-6B38A0E34A86}.Debug|Any CPU.Build.0 = Debug|Any CPU
		{02E6657D-3102-4D7E-94B5-6B38A0E34A86}.Debug|Any CPU.ActiveCfg = Debug|Any CPU
		{02E6657D-3102-4D7E-94B5-6B38A0E34A86}.Release|Any CPU.Build.0 = Release|Any CPU
		{02E6657D-3102-4D7E-94B5-6B38A0E34A86}.Release|Any CPU.ActiveCfg = Release|Any CPU
		{CCCC9966-8CEB-4451-8AD4-FE48D7AD04BB}.Debug|Any CPU.Build.0 = Debug|Any CPU
		{CCCC9966-8CEB-4451-8AD4-FE48D7AD04BB}.Debug|Any CPU.ActiveCfg = Debug|Any CPU
		{CCCC9966-8CEB-4451-8AD4-FE48D7AD04BB}.Release|Any CPU.Build.0 = Release|Any CPU
		{CCCC9966-8CEB-4451-8AD4-FE48D7AD04BB}.Release|Any CPU.ActiveCfg = Release|Any CPU
		{F1C147E3-8578-4D5C-B2F8-1516BB43211B}.Debug|Any CPU.Build.0 = Debug|Any CPU
		{F1C147E3-8578-4D5C-B2F8-1516BB43211B}.Debug|Any CPU.ActiveCfg = Debug|Any CPU
		{F1C147E3-8578-4D5C-B2F8-1516BB43211B}.Release|Any CPU.Build.0 = Release|Any CPU
		{F1C147E3-8578-4D5C-B2F8-1516BB43211B}.Release|Any CPU.ActiveCfg = Release|Any CPU
		{CE5652BD-2574-4A52-916A-D326048D8B43}.Debug|Any CPU.Build.0 = Debug|Any CPU
		{CE5652BD-2574-4A52-916A-D326048D8B43}.Debug|Any CPU.ActiveCfg = Debug|Any CPU
		{CE5652BD-2574-4A52-916A-D326048D8B43}.Release|Any CPU.Build.0 = Release|Any CPU
		{CE5652BD-2574-4A52-916A-D326048D8B43}.Release|Any CPU.ActiveCfg = Release|Any CPU
		{6EA875AD-4277-4EF6-8D5C-03A0995DB7FD}.Debug|Any CPU.Build.0 = Debug|Any CPU
		{6EA875AD-4277-4EF6-8D5C-03A0995DB7FD}.Debug|Any CPU.ActiveCfg = Debug|Any CPU
		{6EA875AD-4277-4EF6-8D5C-03A0995DB7FD}.Release|Any CPU.Build.0 = Release|Any CPU
		{6EA875AD-4277-4EF6-8D5C-03A0995DB7FD}.Release|Any CPU.ActiveCfg = Release|Any CPU
		{C41B5FB4-DAE9-4A27-9D15-55109AB79660}.Debug|Any CPU.Build.0 = Debug|Any CPU
		{C41B5FB4-DAE9-4A27-9D15-55109AB79660}.Debug|Any CPU.ActiveCfg = Debug|Any CPU
		{C41B5FB4-DAE9-4A27-9D15-55109AB79660}.Release|Any CPU.Build.0 = Release|Any CPU
		{C41B5FB4-DAE9-4A27-9D15-55109AB79660}.Release|Any CPU.ActiveCfg = Release|Any CPU
		{846D2563-5AF8-4459-81C6-59A9DA174849}.Debug|Any CPU.Build.0 = Debug|Any CPU
		{846D2563-5AF8-4459-81C6-59A9DA174849}.Debug|Any CPU.ActiveCfg = Debug|Any CPU
		{846D2563-5AF8-4459-81C6-59A9DA174849}.Release|Any CPU.Build.0 = Release|Any CPU
		{846D2563-5AF8-4459-81C6-59A9DA174849}.Release|Any CPU.ActiveCfg = Release|Any CPU
		{FA31FF3A-8FA8-43B7-92C3-322B9D7255A6}.Debug|Any CPU.Build.0 = Debug|Any CPU
		{FA31FF3A-8FA8-43B7-92C3-322B9D7255A6}.Debug|Any CPU.ActiveCfg = Debug|Any CPU
		{FA31FF3A-8FA8-43B7-92C3-322B9D7255A6}.Release|Any CPU.Build.0 = Release|Any CPU
		{FA31FF3A-8FA8-43B7-92C3-322B9D7255A6}.Release|Any CPU.ActiveCfg = Release|Any CPU
	EndGlobalSection
	GlobalSection(NestedProjects) = preSolution
		{FBC6DD59-D09D-499C-B03C-99C1C78FF2AC} = {01198755-68C9-442C-8389-4DA3039FFDF0}
		{ED1BE103-1699-4116-A732-616BEB142EB2} = {01198755-68C9-442C-8389-4DA3039FFDF0}
		{D68133BD-1E63-496E-9EDE-4FBDBF77B486} = {01198755-68C9-442C-8389-4DA3039FFDF0}
		{7155CAF3-9290-45F3-8D91-14CFE8DC181B} = {3DE8C04F-13C6-4C58-8BA1-95E09F9620B5}
		{87B6DDB6-966A-4772-BF96-F9BBF921E2DF} = {7155CAF3-9290-45F3-8D91-14CFE8DC181B}
		{7842ADE4-475B-4D1C-9D55-ACB02FDE87EF} = {7155CAF3-9290-45F3-8D91-14CFE8DC181B}
		{ECB7BFB9-529F-46C7-ACA8-7DB74C41AC4A} = {7842ADE4-475B-4D1C-9D55-ACB02FDE87EF}
		{39655872-F4B6-4698-B326-81B3DA707192} = {ECB7BFB9-529F-46C7-ACA8-7DB74C41AC4A}
		{7CCE9049-76C5-4D92-9731-FB375C60F9B1} = {ECB7BFB9-529F-46C7-ACA8-7DB74C41AC4A}
		{c41b5fb4-dae9-4a27-9d15-55109ab79660} = {3EAB751E-9476-4334-9B19-C75465F08173}
		{6B9C1EF2-6249-4431-B93C-BE082C299FCF} = {3EAB751E-9476-4334-9B19-C75465F08173}
		{B6F78E72-AC1F-4F3F-8FC7-E007D0994F95} = {3EAB751E-9476-4334-9B19-C75465F08173}
		{A2B543FD-8163-48DA-A7CB-6D079BD74A5A} = {3EAB751E-9476-4334-9B19-C75465F08173}
		{846d2563-5af8-4459-81c6-59a9da174849} = {6B9C1EF2-6249-4431-B93C-BE082C299FCF}
		{0E5B6B2C-00F1-4EB7-9A85-488B1027C3C7} = {B6F78E72-AC1F-4F3F-8FC7-E007D0994F95}
		{502E32DF-E315-4770-9986-510FF0DB4E00} = {B6F78E72-AC1F-4F3F-8FC7-E007D0994F95}
		{3D40EBA2-76E3-4AB0-A3E5-E9D76DDAF716} = {B6F78E72-AC1F-4F3F-8FC7-E007D0994F95}
		{2806b750-e3fd-43ed-a395-0961f952314c} = {0E5B6B2C-00F1-4EB7-9A85-488B1027C3C7}
		{de4555cc-c32c-46d2-aa99-e196e5779c43} = {502E32DF-E315-4770-9986-510FF0DB4E00}
		{7DC0FCED-0D96-4674-A8CF-0852BF535408} = {502E32DF-E315-4770-9986-510FF0DB4E00}
		{C3A89F18-EA13-4415-AC17-D8FC6D109303} = {7DC0FCED-0D96-4674-A8CF-0852BF535408}
		{fa31ff3a-8fa8-43b7-92c3-322b9d7255a6} = {3D40EBA2-76E3-4AB0-A3E5-E9D76DDAF716}
		{18762FBA-0476-4630-A5DD-F0FD01D9DE66} = {3D40EBA2-76E3-4AB0-A3E5-E9D76DDAF716}
		{2C333D94-591E-428A-98E3-0E5A0D0B3580} = {18762FBA-0476-4630-A5DD-F0FD01D9DE66}
		{72A2150B-778F-4AE2-BE68-21FB9BCE3CFE} = {18762FBA-0476-4630-A5DD-F0FD01D9DE66}
		{D54146BB-B87A-4AA8-AD63-7D9AF1A28BC3} = {2C333D94-591E-428A-98E3-0E5A0D0B3580}
		{846CAC53-FF82-4133-A03F-F214B48790B1} = {72A2150B-778F-4AE2-BE68-21FB9BCE3CFE}
		{6ea875ad-4277-4ef6-8d5c-03a0995db7fd} = {A2B543FD-8163-48DA-A7CB-6D079BD74A5A}
		{57FC904C-9E94-4B98-9C5B-03D5824A22AD} = {A2B543FD-8163-48DA-A7CB-6D079BD74A5A}
		{51E3BADE-E437-4B3F-8AC8-6BC31FFACCE1} = {A2B543FD-8163-48DA-A7CB-6D079BD74A5A}
		{0A9D7C9B-3CE5-44A8-B501-E41DC824CE11} = {A2B543FD-8163-48DA-A7CB-6D079BD74A5A}
		{C3114C20-3E13-4FD8-B98C-097A961C4F0E} = {57FC904C-9E94-4B98-9C5B-03D5824A22AD}
		{cccc9966-8ceb-4451-8ad4-fe48d7ad04bb} = {57FC904C-9E94-4B98-9C5B-03D5824A22AD}
		{76549458-BF29-4F92-A7DF-804AD75B78D9} = {57FC904C-9E94-4B98-9C5B-03D5824A22AD}
		{9E11D86A-6302-4564-84EF-D0B4C46643CA} = {57FC904C-9E94-4B98-9C5B-03D5824A22AD}
		{C3F549D3-B9A7-45D3-B2E4-22E17717EA56} = {57FC904C-9E94-4B98-9C5B-03D5824A22AD}
		{A035D611-94A5-458A-B879-292E4AB4C5B0} = {C3114C20-3E13-4FD8-B98C-097A961C4F0E}
		{AC8117A8-5FC5-4141-80AA-B33250D137EE} = {76549458-BF29-4F92-A7DF-804AD75B78D9}
		{29CE04D4-BB40-4638-800F-5EBADAB52B69} = {76549458-BF29-4F92-A7DF-804AD75B78D9}
		{1E227DA0-76C7-499C-BFB2-D11E6F212445} = {76549458-BF29-4F92-A7DF-804AD75B78D9}
		{68F2A166-BED6-44F3-9440-3DDF412F4BA4} = {76549458-BF29-4F92-A7DF-804AD75B78D9}
		{09A9101B-94C4-46F0-99B5-DA5E658C5A4E} = {AC8117A8-5FC5-4141-80AA-B33250D137EE}
		{290649D0-DDE4-480E-A05C-6068123FACC4} = {9E11D86A-6302-4564-84EF-D0B4C46643CA}
		{ce5652bd-2574-4a52-916a-d326048d8b43} = {9E11D86A-6302-4564-84EF-D0B4C46643CA}
		{f1c147e3-8578-4d5c-b2f8-1516bb43211b} = {9E11D86A-6302-4564-84EF-D0B4C46643CA}
		{9DFD76F4-C25D-4AB8-BC5F-ED932767B84D} = {290649D0-DDE4-480E-A05C-6068123FACC4}
		{02e6657d-3102-4d7e-94b5-6b38a0e34a86} = {51E3BADE-E437-4B3F-8AC8-6BC31FFACCE1}
		{AA0FB6DA-1D11-4127-AEC7-F580A0A70920} = {51E3BADE-E437-4B3F-8AC8-6BC31FFACCE1}
		{640C594D-5933-4395-B29D-48EF827010D7} = {51E3BADE-E437-4B3F-8AC8-6BC31FFACCE1}
		{7347C8B1-1D93-4C39-945D-4BF1B7C11459} = {51E3BADE-E437-4B3F-8AC8-6BC31FFACCE1}
		{855610B9-ED24-4355-A0DE-721F7E362A24} = {51E3BADE-E437-4B3F-8AC8-6BC31FFACCE1}
		{009B19FC-7D5E-4F38-8421-7A63115C23E8} = {AA0FB6DA-1D11-4127-AEC7-F580A0A70920}
		{12F84CA5-C981-420D-8CFA-24B68ED11DCE} = {640C594D-5933-4395-B29D-48EF827010D7}
		{3ADFD79B-EE89-4E79-85E6-33DDECC8459A} = {7347C8B1-1D93-4C39-945D-4BF1B7C11459}
		{2CEFC6BD-6924-4E76-97BF-4C9951F09D1F} = {855610B9-ED24-4355-A0DE-721F7E362A24}
		{43A760A8-E789-4E27-A3C3-182CD847D07C} = {0A9D7C9B-3CE5-44A8-B501-E41DC824CE11}
	EndGlobalSection
	GlobalSection(MonoDevelopProperties) = preSolution
		StartupItem = Core\Loader\demo\StandardLoader\Loader\TransformLoader.csproj
	EndGlobalSection
EndGlobal
