
Microsoft Visual Studio Solution File, Format Version 9.00
# Visual Studio 2005
Project("{FAE04EC0-301F-11D3-BF4B-00C04F79EFBC}") = "cs-syntax", "syntax\cs-syntax.csproj", "{EF801DFF-978C-452A-807D-041C9BA2A214}"
EndProject
Project("{FAE04EC0-301F-11D3-BF4B-00C04F79EFBC}") = "cs-money", "money\cs-money.csproj", "{3E807E20-6362-4209-91E2-B55FD7954DF5}"
EndProject
Project("{FAE04EC0-301F-11D3-BF4B-00C04F79EFBC}") = "cs-money-port", "money-port\cs-money-port.csproj", "{6ADA9763-B0FD-453D-8F39-8F56598A423A}"
EndProject
Project("{FAE04EC0-301F-11D3-BF4B-00C04F79EFBC}") = "cs-failures", "failures\cs-failures.csproj", "{8CFC3410-FB87-4975-AA71-F0A601A58A79}"
EndProject
Global
	GlobalSection(SolutionConfigurationPlatforms) = preSolution
		Debug|Any CPU = Debug|Any CPU
		Release|Any CPU = Release|Any CPU
	EndGlobalSection
	GlobalSection(ProjectConfigurationPlatforms) = postSolution
		{3E807E20-6362-4209-91E2-B55FD7954DF5}.Debug|Any CPU.ActiveCfg = Debug|Any CPU
		{3E807E20-6362-4209-91E2-B55FD7954DF5}.Debug|Any CPU.Build.0 = Debug|Any CPU
		{3E807E20-6362-4209-91E2-B55FD7954DF5}.Release|Any CPU.ActiveCfg = Release|Any CPU
		{3E807E20-6362-4209-91E2-B55FD7954DF5}.Release|Any CPU.Build.0 = Release|Any CPU
		{6ADA9763-B0FD-453D-8F39-8F56598A423A}.Debug|Any CPU.ActiveCfg = Debug|Any CPU
		{6ADA9763-B0FD-453D-8F39-8F56598A423A}.Debug|Any CPU.Build.0 = Debug|Any CPU
		{6ADA9763-B0FD-453D-8F39-8F56598A423A}.Release|Any CPU.ActiveCfg = Release|Any CPU
		{6ADA9763-B0FD-453D-8F39-8F56598A423A}.Release|Any CPU.Build.0 = Release|Any CPU
		{8CFC3410-FB87-4975-AA71-F0A601A58A79}.Debug|Any CPU.ActiveCfg = Debug|Any CPU
		{8CFC3410-FB87-4975-AA71-F0A601A58A79}.Debug|Any CPU.Build.0 = Debug|Any CPU
		{8CFC3410-FB87-4975-AA71-F0A601A58A79}.Release|Any CPU.ActiveCfg = Release|Any CPU
		{8CFC3410-FB87-4975-AA71-F0A601A58A79}.Release|Any CPU.Build.0 = Release|Any CPU
		{EF801DFF-978C-452A-807D-041C9BA2A214}.Debug|Any CPU.ActiveCfg = Debug|Any CPU
		{EF801DFF-978C-452A-807D-041C9BA2A214}.Debug|Any CPU.Build.0 = Debug|Any CPU
		{EF801DFF-978C-452A-807D-041C9BA2A214}.Release|Any CPU.ActiveCfg = Release|Any CPU
		{EF801DFF-978C-452A-807D-041C9BA2A214}.Release|Any CPU.Build.0 = Release|Any CPU
	EndGlobalSection
	GlobalSection(MonoDevelopProperties) = preSolution
		StartupItem = syntax\cs-syntax.csproj
	EndGlobalSection
EndGlobal
