
Microsoft Visual Studio Solution File, Format Version 10.00
# Visual Studio 2008
Project("{2150E333-8FDC-42A3-9474-1A3956D46DE8}") = "src", "src", "{C799EE98-037A-4D80-AAF4-7CF6C6B16D62}"
	ProjectSection(SolutionItems) = postProject
	EndProjectSection
EndProject
Project("{2150E333-8FDC-42A3-9474-1A3956D46DE8}") = "Capabilities", "Capabilities", "{6338FD4F-F477-4428-9693-465416C4F68D}"
	ProjectSection(SolutionItems) = postProject
	EndProjectSection
EndProject
Project("{2150E333-8FDC-42A3-9474-1A3956D46DE8}") = "Simple", "Simple", "{B0CA98B4-91D0-429B-9697-388079E24496}"
	ProjectSection(SolutionItems) = postProject
	EndProjectSection
EndProject
Project("{FAE04EC0-301F-11D3-BF4B-00C04F79EFBC}") = "HelloWorld", "src\Capabilities\Simple\HelloWorld\HelloWorld.csproj", "{4E76D756-1561-4325-8F2B-BB7A69847445}"
EndProject
Project("{FAE04EC0-301F-11D3-BF4B-00C04F79EFBC}") = "HelloWorldLibrary", "src\Capabilities\Simple\HelloWorldLibrary\HelloWorldLibrary.csproj", "{A7C1AD08-F95D-423B-9F38-65FDBFCFAEBA}"
EndProject
Project("{2150E333-8FDC-42A3-9474-1A3956D46DE8}") = "test", "test", "{79A9AE16-4C7E-49AA-92C8-23707669B232}"
	ProjectSection(SolutionItems) = postProject
	EndProjectSection
EndProject
Project("{2150E333-8FDC-42A3-9474-1A3956D46DE8}") = "Capabilities", "Capabilities", "{75DF5222-06C3-4E34-8606-D7864A72E66D}"
	ProjectSection(SolutionItems) = postProject
	EndProjectSection
EndProject
Project("{2150E333-8FDC-42A3-9474-1A3956D46DE8}") = "Simple", "Simple", "{15399CA8-4814-4D07-9DFE-EF24F9926B36}"
	ProjectSection(SolutionItems) = postProject
	EndProjectSection
EndProject
Project("{2150E333-8FDC-42A3-9474-1A3956D46DE8}") = "vendors", "vendors", "{7689B2F2-D872-4306-A2E2-1757B75F42BD}"
	ProjectSection(SolutionItems) = postProject
	EndProjectSection
EndProject
Project("{FAE04EC0-301F-11D3-BF4B-00C04F79EFBC}") = "nunit.framework", "..\..\src\vendors\NUnit\src\NUnitFramework\framework\nunit.framework.csproj", "{83DD7E12-A705-4DBA-9D71-09C8973D9382}"
EndProject
Global
	GlobalSection(SolutionConfigurationPlatforms) = preSolution
		Debug|Any CPU = Debug|Any CPU
		Release|Any CPU = Release|Any CPU
	EndGlobalSection
	GlobalSection(ProjectConfigurationPlatforms) = postSolution
		{4E76D756-1561-4325-8F2B-BB7A69847445}.Debug|Any CPU.ActiveCfg = Debug|Any CPU
		{4E76D756-1561-4325-8F2B-BB7A69847445}.Debug|Any CPU.Build.0 = Debug|Any CPU
		{4E76D756-1561-4325-8F2B-BB7A69847445}.Release|Any CPU.ActiveCfg = Release|Any CPU
		{4E76D756-1561-4325-8F2B-BB7A69847445}.Release|Any CPU.Build.0 = Release|Any CPU
		{83DD7E12-A705-4DBA-9D71-09C8973D9382}.Debug|Any CPU.ActiveCfg = Debug|Any CPU
		{83DD7E12-A705-4DBA-9D71-09C8973D9382}.Debug|Any CPU.Build.0 = Debug|Any CPU
		{83DD7E12-A705-4DBA-9D71-09C8973D9382}.Release|Any CPU.ActiveCfg = Release|Any CPU
		{83DD7E12-A705-4DBA-9D71-09C8973D9382}.Release|Any CPU.Build.0 = Release|Any CPU
		{A7C1AD08-F95D-423B-9F38-65FDBFCFAEBA}.Debug|Any CPU.ActiveCfg = Debug|Any CPU
		{A7C1AD08-F95D-423B-9F38-65FDBFCFAEBA}.Debug|Any CPU.Build.0 = Debug|Any CPU
		{A7C1AD08-F95D-423B-9F38-65FDBFCFAEBA}.Release|Any CPU.ActiveCfg = Release|Any CPU
		{A7C1AD08-F95D-423B-9F38-65FDBFCFAEBA}.Release|Any CPU.Build.0 = Release|Any CPU
	EndGlobalSection
	GlobalSection(NestedProjects) = preSolution
		{6338FD4F-F477-4428-9693-465416C4F68D} = {C799EE98-037A-4D80-AAF4-7CF6C6B16D62}
		{B0CA98B4-91D0-429B-9697-388079E24496} = {6338FD4F-F477-4428-9693-465416C4F68D}
		{4E76D756-1561-4325-8F2B-BB7A69847445} = {B0CA98B4-91D0-429B-9697-388079E24496}
		{A7C1AD08-F95D-423B-9F38-65FDBFCFAEBA} = {B0CA98B4-91D0-429B-9697-388079E24496}
		{75DF5222-06C3-4E34-8606-D7864A72E66D} = {79A9AE16-4C7E-49AA-92C8-23707669B232}
		{15399CA8-4814-4D07-9DFE-EF24F9926B36} = {75DF5222-06C3-4E34-8606-D7864A72E66D}
		{83DD7E12-A705-4DBA-9D71-09C8973D9382} = {7689B2F2-D872-4306-A2E2-1757B75F42BD}
	EndGlobalSection
	GlobalSection(MonoDevelopProperties) = preSolution
		StartupItem = src\Capabilities\Simple\HelloWorld\HelloWorld.csproj
		Policies = $0
		$0.TextStylePolicy = $1
		$1.FileWidth = 100
		$1.TabWidth = 2
		$1.RemoveTrailingWhitespace = True
		$1.EolMarker = Windows
		$1.inheritsSet = VisualStudio
		$1.inheritsScope = text/plain
		$1.scope = application/xml
		$0.XmlFormattingPolicy = $2
		$2.inheritsSet = Mono
		$2.inheritsScope = application/xml
		$2.scope = application/xml
		$0.TextStylePolicy = $3
		$3.FileWidth = 100
		$3.TabWidth = 2
		$3.RemoveTrailingWhitespace = True
		$3.EolMarker = Windows
		$3.inheritsSet = VisualStudio
		$3.inheritsScope = text/plain
		$3.scope = text/plain
		$0.TextStylePolicy = $4
		$4.FileWidth = 100
		$4.TabWidth = 2
		$4.RemoveTrailingWhitespace = True
		$4.EolMarker = Windows
		$4.inheritsSet = VisualStudio
		$4.inheritsScope = text/plain
		$4.scope = text/x-csharp
		$0.CSharpFormattingPolicy = $5
		$5.IndentSwitchBody = True
		$5.AlignEmbeddedUsingStatements = False
		$5.AlignEmbeddedIfStatements = False
		$5.MethodBraceStyle = EndOfLine
		$5.ConstructorBraceStyle = EndOfLine
		$5.DestructorBraceStyle = EndOfLine
		$5.BeforeMethodDeclarationParentheses = False
		$5.BeforeMethodCallParentheses = False
		$5.BeforeConstructorDeclarationParentheses = False
		$5.BeforeIndexerDeclarationBracket = False
		$5.BeforeDelegateDeclarationParentheses = False
		$5.AfterDelegateDeclarationParameterComma = True
		$5.NewParentheses = False
		$5.SpacesBeforeBrackets = False
		$5.inheritsSet = Mono
		$5.inheritsScope = text/x-csharp
		$5.scope = text/x-csharp
		$0.StandardHeader = $6
		$6.Text = @/*\n * $Id: $\n * It is part of the SolidOpt Copyright Policy (see Copyright.txt)\n * For further details see the nearest License.txt\n */
		$6.IncludeInNewFiles = True
	EndGlobalSection
EndGlobal
