
Microsoft Visual Studio Solution File, Format Version 9.00
# Visual Studio 2005
Project("{2150E333-8FDC-42A3-9474-1A3956D46DE8}") = "vendors", "vendors", "{58DD339F-46EC-4C26-8AC7-76EBC767C701}"
	ProjectSection(SolutionItems) = postProject
	EndProjectSection
EndProject
Project("{FAE04EC0-301F-11D3-BF4B-00C04F79EFBC}") = "nunit.framework", "..\..\src\vendors\NUnit\src\NUnitFramework\framework\nunit.framework.csproj", "{83DD7E12-A705-4DBA-9D71-09C8973D9382}"
EndProject
Project("{FAE04EC0-301F-11D3-BF4B-00C04F79EFBC}") = "nunit.core.dll", "..\..\src\vendors\NUnit\src\NUnitCore\core\nunit.core.dll.csproj", "{EBD43A7F-AFCA-4281-BB53-5CDD91F966A3}"
EndProject
Project("{FAE04EC0-301F-11D3-BF4B-00C04F79EFBC}") = "nunit.core.interfaces.dll", "..\..\src\vendors\NUnit\src\NUnitCore\interfaces\nunit.core.interfaces.dll.csproj", "{435428F8-5995-4CE4-8022-93D595A8CC0F}"
EndProject
Project("{FAE04EC0-301F-11D3-BF4B-00C04F79EFBC}") = "nunit.framework.dll", "..\..\src\vendors\NUnit\src\NUnitFramework\framework\nunit.framework.dll.csproj", "{83DD7E12-A705-4DBA-9D71-09C8973D9382}"
EndProject
Project("{2150E333-8FDC-42A3-9474-1A3956D46DE8}") = "SolidOpt", "SolidOpt", "{828CC632-3867-4FB1-8E19-B022229634D6}"
	ProjectSection(SolutionItems) = postProject
	EndProjectSection
EndProject
Project("{FAE04EC0-301F-11D3-BF4B-00C04F79EFBC}") = "SolidOpt.Core.Loader", "..\..\src\Core\Loader\SolidOpt.Core.Loader.csproj", "{87B6DDB6-966A-4772-BF96-F9BBF921E2DF}"
EndProject
Project("{FAE04EC0-301F-11D3-BF4B-00C04F79EFBC}") = "SolidOpt.Services", "..\..\src\Services\SolidOpt.Services.csproj", "{c41b5fb4-dae9-4a27-9d15-55109ab79660}"
EndProject
Project("{FAE04EC0-301F-11D3-BF4B-00C04F79EFBC}") = "SolidOpt.Core.Tests", "SolidOpt.Core.Tests\SolidOpt.Core.Tests.csproj", "{6BE036B4-190F-4EB6-BBCC-CE05253D04D7}"
EndProject
Project("{FAE04EC0-301F-11D3-BF4B-00C04F79EFBC}") = "SolidOpt.Services.Tests", "SolidOpt.Services.Tests\SolidOpt.Services.Tests.csproj", "{72104152-D24F-11DF-8993-9CE3DED72085}"
EndProject
Global
	GlobalSection(SolutionConfigurationPlatforms) = preSolution
		Debug|Any CPU = Debug|Any CPU
		Release|Any CPU = Release|Any CPU
	EndGlobalSection
	GlobalSection(ProjectConfigurationPlatforms) = postSolution
		{435428F8-5995-4CE4-8022-93D595A8CC0F}.Debug|Any CPU.ActiveCfg = Debug|Any CPU
		{435428F8-5995-4CE4-8022-93D595A8CC0F}.Debug|Any CPU.Build.0 = Debug|Any CPU
		{435428F8-5995-4CE4-8022-93D595A8CC0F}.Release|Any CPU.ActiveCfg = Release|Any CPU
		{435428F8-5995-4CE4-8022-93D595A8CC0F}.Release|Any CPU.Build.0 = Release|Any CPU
		{6BE036B4-190F-4EB6-BBCC-CE05253D04D7}.Debug|Any CPU.ActiveCfg = Debug|Any CPU
		{6BE036B4-190F-4EB6-BBCC-CE05253D04D7}.Debug|Any CPU.Build.0 = Debug|Any CPU
		{6BE036B4-190F-4EB6-BBCC-CE05253D04D7}.Release|Any CPU.ActiveCfg = Release|Any CPU
		{6BE036B4-190F-4EB6-BBCC-CE05253D04D7}.Release|Any CPU.Build.0 = Release|Any CPU
		{72104152-D24F-11DF-8993-9CE3DED72085}.Debug|Any CPU.ActiveCfg = Debug|Any CPU
		{72104152-D24F-11DF-8993-9CE3DED72085}.Debug|Any CPU.Build.0 = Debug|Any CPU
		{72104152-D24F-11DF-8993-9CE3DED72085}.Release|Any CPU.ActiveCfg = Release|Any CPU
		{72104152-D24F-11DF-8993-9CE3DED72085}.Release|Any CPU.Build.0 = Release|Any CPU
		{83DD7E12-A705-4DBA-9D71-09C8973D9382}.Debug|Any CPU.ActiveCfg = Debug|Any CPU
		{83DD7E12-A705-4DBA-9D71-09C8973D9382}.Debug|Any CPU.Build.0 = Debug|Any CPU
		{83DD7E12-A705-4DBA-9D71-09C8973D9382}.Release|Any CPU.ActiveCfg = Release|Any CPU
		{83DD7E12-A705-4DBA-9D71-09C8973D9382}.Release|Any CPU.Build.0 = Release|Any CPU
		{87B6DDB6-966A-4772-BF96-F9BBF921E2DF}.Debug|Any CPU.ActiveCfg = Debug|Any CPU
		{87B6DDB6-966A-4772-BF96-F9BBF921E2DF}.Debug|Any CPU.Build.0 = Debug|Any CPU
		{87B6DDB6-966A-4772-BF96-F9BBF921E2DF}.Release|Any CPU.ActiveCfg = Release|Any CPU
		{87B6DDB6-966A-4772-BF96-F9BBF921E2DF}.Release|Any CPU.Build.0 = Release|Any CPU
		{c41b5fb4-dae9-4a27-9d15-55109ab79660}.Debug|Any CPU.ActiveCfg = Debug|Any CPU
		{c41b5fb4-dae9-4a27-9d15-55109ab79660}.Debug|Any CPU.Build.0 = Debug|Any CPU
		{c41b5fb4-dae9-4a27-9d15-55109ab79660}.Release|Any CPU.ActiveCfg = Release|Any CPU
		{c41b5fb4-dae9-4a27-9d15-55109ab79660}.Release|Any CPU.Build.0 = Release|Any CPU
		{EBD43A7F-AFCA-4281-BB53-5CDD91F966A3}.Debug|Any CPU.ActiveCfg = Debug|Any CPU
		{EBD43A7F-AFCA-4281-BB53-5CDD91F966A3}.Debug|Any CPU.Build.0 = Debug|Any CPU
		{EBD43A7F-AFCA-4281-BB53-5CDD91F966A3}.Release|Any CPU.ActiveCfg = Release|Any CPU
		{EBD43A7F-AFCA-4281-BB53-5CDD91F966A3}.Release|Any CPU.Build.0 = Release|Any CPU
		{C41B5FB4-DAE9-4A27-9D15-55109AB79660}.Debug|Any CPU.Build.0 = Debug|Any CPU
		{C41B5FB4-DAE9-4A27-9D15-55109AB79660}.Debug|Any CPU.ActiveCfg = Debug|Any CPU
		{C41B5FB4-DAE9-4A27-9D15-55109AB79660}.Release|Any CPU.Build.0 = Release|Any CPU
		{C41B5FB4-DAE9-4A27-9D15-55109AB79660}.Release|Any CPU.ActiveCfg = Release|Any CPU
	EndGlobalSection
	GlobalSection(NestedProjects) = preSolution
		{83DD7E12-A705-4DBA-9D71-09C8973D9382} = {58DD339F-46EC-4C26-8AC7-76EBC767C701}
		{EBD43A7F-AFCA-4281-BB53-5CDD91F966A3} = {58DD339F-46EC-4C26-8AC7-76EBC767C701}
		{435428F8-5995-4CE4-8022-93D595A8CC0F} = {58DD339F-46EC-4C26-8AC7-76EBC767C701}
		{83DD7E12-A705-4DBA-9D71-09C8973D9382} = {58DD339F-46EC-4C26-8AC7-76EBC767C701}
		{87B6DDB6-966A-4772-BF96-F9BBF921E2DF} = {828CC632-3867-4FB1-8E19-B022229634D6}
		{c41b5fb4-dae9-4a27-9d15-55109ab79660} = {828CC632-3867-4FB1-8E19-B022229634D6}
	EndGlobalSection
	GlobalSection(MonoDevelopProperties) = preSolution
		StartupItem = ..\..\src\vendors\NUnit\src\NUnitFramework\framework\nunit.framework.csproj
	EndGlobalSection
EndGlobal
