
Microsoft Visual Studio Solution File, Format Version 11.00
# Visual Studio 2010
Project("{FAE04EC0-301F-11D3-BF4B-00C04F79EFBC}") = "SolidV", "SolidV.csproj", "{2F7FC64C-1463-41FA-BD8B-26478757DD85}"
EndProject
Global
	GlobalSection(SolutionConfigurationPlatforms) = preSolution
		Debug|x86 = Debug|x86
		Release|x86 = Release|x86
	EndGlobalSection
	GlobalSection(ProjectConfigurationPlatforms) = postSolution
		{2F7FC64C-1463-41FA-BD8B-26478757DD85}.Debug|x86.ActiveCfg = Debug|x86
		{2F7FC64C-1463-41FA-BD8B-26478757DD85}.Debug|x86.Build.0 = Debug|x86
		{2F7FC64C-1463-41FA-BD8B-26478757DD85}.Release|x86.ActiveCfg = Release|x86
		{2F7FC64C-1463-41FA-BD8B-26478757DD85}.Release|x86.Build.0 = Release|x86
	EndGlobalSection
	GlobalSection(MonoDevelopProperties) = preSolution
		StartupItem = SolidV.csproj
	EndGlobalSection
EndGlobal
