
Microsoft Visual Studio Solution File, Format Version 11.00
# Visual Studio 2010
Project("{2150E333-8FDC-42A3-9474-1A3956D46DE8}") = "vendors", "vendors", "{0A9C2665-0F6D-44B5-880B-DDDF36798594}"
EndProject
Project("{FAE04EC0-301F-11D3-BF4B-00C04F79EFBC}") = "SolidOpt.Services", "vendors\SolidOpt-build\src\Services\SolidOpt.Services.csproj", "{1AFB7F4B-48C2-4828-997B-4CDFC1E21328}"
EndProject
Project("{FAE04EC0-301F-11D3-BF4B-00C04F79EFBC}") = "SolidOpt.Services.Transformations.CodeModel.ControlFlowGraph", "vendors\SolidOpt-build\src\Services\Transformations\CodeModel\ControlFlowGraph\src\SolidOpt.Services.Transformations.CodeModel.ControlFlowGraph.csproj", "{965D75AA-D35D-4F82-A68F-1DCCD735311A}"
EndProject
Project("{FAE04EC0-301F-11D3-BF4B-00C04F79EFBC}") = "SolidOpt.Services.Transformations.CodeModel.ThreeAddressCode", "vendors\SolidOpt-build\src\Services\Transformations\CodeModel\ThreeAddressCode\src\SolidOpt.Services.Transformations.CodeModel.ThreeAddressCode.csproj", "{FFA852D0-DFFD-4800-BC13-8E182DB9ABDB}"
EndProject
Project("{FAE04EC0-301F-11D3-BF4B-00C04F79EFBC}") = "SolidOpt.Services.Transformations", "vendors\SolidOpt-build\src\Services\Transformations\SolidOpt.Services.Transformations.csproj", "{99CAB33D-DAB2-48DA-950D-769312DF1420}"
EndProject
Project("{FAE04EC0-301F-11D3-BF4B-00C04F79EFBC}") = "SolidOpt.Services.Transformations.MultiModel", "vendors\SolidOpt-build\src\Services\Transformations\Multimodel\SolidOpt.Services.Transformations.MultiModel.csproj", "{64C70C6E-658F-4622-99BB-BB6CB0771609}"
EndProject
Project("{FAE04EC0-301F-11D3-BF4B-00C04F79EFBC}") = "SolidV", "..\..\..\..\SolidV\trunk\src\SolidV.csproj", "{2F7FC64C-1463-41FA-BD8B-26478757DD85}"
EndProject
Project("{2150E333-8FDC-42A3-9474-1A3956D46DE8}") = "Plugins", "Plugins", "{FDF13ECC-517E-4C4A-956B-8627AC89CBC2}"
EndProject
Project("{2150E333-8FDC-42A3-9474-1A3956D46DE8}") = "src", "src", "{5897D065-B889-41AE-BFB1-FC9EF0F0A216}"
EndProject
Project("{FAE04EC0-301F-11D3-BF4B-00C04F79EFBC}") = "SolidReflector", "SolidReflector.csproj", "{2F7448D6-7206-4758-BB48-F48D4C75AB5F}"
EndProject
Global
	GlobalSection(SolutionConfigurationPlatforms) = preSolution
		Debug|x86 = Debug|x86
		Release|x86 = Release|x86
		RunTest|Any CPU = RunTest|Any CPU
	EndGlobalSection
	GlobalSection(ProjectConfigurationPlatforms) = postSolution
		{1AFB7F4B-48C2-4828-997B-4CDFC1E21328}.Debug|x86.ActiveCfg = Debug|Any CPU
		{1AFB7F4B-48C2-4828-997B-4CDFC1E21328}.Debug|x86.Build.0 = Debug|Any CPU
		{1AFB7F4B-48C2-4828-997B-4CDFC1E21328}.Release|x86.ActiveCfg = Debug|Any CPU
		{1AFB7F4B-48C2-4828-997B-4CDFC1E21328}.Release|x86.Build.0 = Debug|Any CPU
		{1AFB7F4B-48C2-4828-997B-4CDFC1E21328}.RunTest|Any CPU.ActiveCfg = Debug|Any CPU
		{1AFB7F4B-48C2-4828-997B-4CDFC1E21328}.RunTest|Any CPU.Build.0 = Debug|Any CPU
		{2F7448D6-7206-4758-BB48-F48D4C75AB5F}.Debug|x86.ActiveCfg = Debug|x86
		{2F7448D6-7206-4758-BB48-F48D4C75AB5F}.Debug|x86.Build.0 = Debug|x86
		{2F7448D6-7206-4758-BB48-F48D4C75AB5F}.Release|x86.ActiveCfg = Release|x86
		{2F7448D6-7206-4758-BB48-F48D4C75AB5F}.Release|x86.Build.0 = Release|x86
		{2F7FC64C-1463-41FA-BD8B-26478757DD85}.Debug|x86.ActiveCfg = Debug|x86
		{2F7FC64C-1463-41FA-BD8B-26478757DD85}.Debug|x86.Build.0 = Debug|x86
		{2F7FC64C-1463-41FA-BD8B-26478757DD85}.Release|x86.ActiveCfg = Release|x86
		{2F7FC64C-1463-41FA-BD8B-26478757DD85}.Release|x86.Build.0 = Release|x86
		{2F7FC64C-1463-41FA-BD8B-26478757DD85}.RunTest|Any CPU.ActiveCfg = Debug|x86
		{2F7FC64C-1463-41FA-BD8B-26478757DD85}.RunTest|Any CPU.Build.0 = Debug|x86
		{64C70C6E-658F-4622-99BB-BB6CB0771609}.Debug|x86.ActiveCfg = Debug|Any CPU
		{64C70C6E-658F-4622-99BB-BB6CB0771609}.Debug|x86.Build.0 = Debug|Any CPU
		{64C70C6E-658F-4622-99BB-BB6CB0771609}.Release|x86.ActiveCfg = Debug|Any CPU
		{64C70C6E-658F-4622-99BB-BB6CB0771609}.Release|x86.Build.0 = Debug|Any CPU
		{64C70C6E-658F-4622-99BB-BB6CB0771609}.RunTest|Any CPU.ActiveCfg = Debug|Any CPU
		{64C70C6E-658F-4622-99BB-BB6CB0771609}.RunTest|Any CPU.Build.0 = Debug|Any CPU
		{965D75AA-D35D-4F82-A68F-1DCCD735311A}.Debug|x86.ActiveCfg = Debug|Any CPU
		{965D75AA-D35D-4F82-A68F-1DCCD735311A}.Debug|x86.Build.0 = Debug|Any CPU
		{965D75AA-D35D-4F82-A68F-1DCCD735311A}.Release|x86.ActiveCfg = Debug|Any CPU
		{965D75AA-D35D-4F82-A68F-1DCCD735311A}.Release|x86.Build.0 = Debug|Any CPU
		{965D75AA-D35D-4F82-A68F-1DCCD735311A}.RunTest|Any CPU.ActiveCfg = Debug|Any CPU
		{965D75AA-D35D-4F82-A68F-1DCCD735311A}.RunTest|Any CPU.Build.0 = Debug|Any CPU
		{99CAB33D-DAB2-48DA-950D-769312DF1420}.Debug|x86.ActiveCfg = Debug|Any CPU
		{99CAB33D-DAB2-48DA-950D-769312DF1420}.Debug|x86.Build.0 = Debug|Any CPU
		{99CAB33D-DAB2-48DA-950D-769312DF1420}.Release|x86.ActiveCfg = Debug|Any CPU
		{99CAB33D-DAB2-48DA-950D-769312DF1420}.Release|x86.Build.0 = Debug|Any CPU
		{99CAB33D-DAB2-48DA-950D-769312DF1420}.RunTest|Any CPU.ActiveCfg = Debug|Any CPU
		{99CAB33D-DAB2-48DA-950D-769312DF1420}.RunTest|Any CPU.Build.0 = Debug|Any CPU
		{FFA852D0-DFFD-4800-BC13-8E182DB9ABDB}.Debug|x86.ActiveCfg = Debug|Any CPU
		{FFA852D0-DFFD-4800-BC13-8E182DB9ABDB}.Debug|x86.Build.0 = Debug|Any CPU
		{FFA852D0-DFFD-4800-BC13-8E182DB9ABDB}.Release|x86.ActiveCfg = Debug|Any CPU
		{FFA852D0-DFFD-4800-BC13-8E182DB9ABDB}.Release|x86.Build.0 = Debug|Any CPU
		{FFA852D0-DFFD-4800-BC13-8E182DB9ABDB}.RunTest|Any CPU.ActiveCfg = Debug|Any CPU
		{FFA852D0-DFFD-4800-BC13-8E182DB9ABDB}.RunTest|Any CPU.Build.0 = Debug|Any CPU
	EndGlobalSection
	GlobalSection(NestedProjects) = preSolution
		{1AFB7F4B-48C2-4828-997B-4CDFC1E21328} = {0A9C2665-0F6D-44B5-880B-DDDF36798594}
		{965D75AA-D35D-4F82-A68F-1DCCD735311A} = {0A9C2665-0F6D-44B5-880B-DDDF36798594}
		{FFA852D0-DFFD-4800-BC13-8E182DB9ABDB} = {0A9C2665-0F6D-44B5-880B-DDDF36798594}
		{99CAB33D-DAB2-48DA-950D-769312DF1420} = {0A9C2665-0F6D-44B5-880B-DDDF36798594}
		{64C70C6E-658F-4622-99BB-BB6CB0771609} = {0A9C2665-0F6D-44B5-880B-DDDF36798594}
		{2F7FC64C-1463-41FA-BD8B-26478757DD85} = {0A9C2665-0F6D-44B5-880B-DDDF36798594}
		{2F7448D6-7206-4758-BB48-F48D4C75AB5F} = {5897D065-B889-41AE-BFB1-FC9EF0F0A216}
	EndGlobalSection
	GlobalSection(MonoDevelopProperties) = preSolution
		StartupItem = SolidReflector.csproj
		Policies = $0
		$0.DotNetNamingPolicy = $1
		$1.DirectoryNamespaceAssociation = None
		$1.ResourceNamePolicy = FileFormatDefault
		$0.TextStylePolicy = $2
		$2.FileWidth = 100
		$2.TabWidth = 2
		$2.EolMarker = Windows
		$2.inheritsSet = VisualStudio
		$2.inheritsScope = text/plain
		$2.scope = text/plain
		$0.TextStylePolicy = $3
		$3.FileWidth = 100
		$3.TabWidth = 2
		$3.EolMarker = Windows
		$3.inheritsSet = VisualStudio
		$3.inheritsScope = text/plain
		$3.scope = text/x-csharp
		$0.CSharpFormattingPolicy = $4
		$4.IndentSwitchBody = True
		$4.AlignEmbeddedUsingStatements = False
		$4.AlignEmbeddedIfStatements = False
		$4.MethodBraceStyle = EndOfLine
		$4.ConstructorBraceStyle = EndOfLine
		$4.DestructorBraceStyle = EndOfLine
		$4.BeforeMethodDeclarationParentheses = False
		$4.BeforeMethodCallParentheses = False
		$4.BeforeConstructorDeclarationParentheses = False
		$4.BeforeIndexerDeclarationBracket = False
		$4.BeforeDelegateDeclarationParentheses = False
		$4.AfterDelegateDeclarationParameterComma = True
		$4.NewParentheses = False
		$4.SpacesBeforeBrackets = False
		$4.inheritsSet = Mono
		$4.inheritsScope = text/x-csharp
		$4.scope = text/x-csharp
		$0.StandardHeader = $5
		$5.Text = @/*\n * $Id: $\n * It is part of the SolidOpt Copyright Policy (see Copyright.txt)\n * For further details see the nearest License.txt\n */
		$5.IncludeInNewFiles = False
		$0.TextStylePolicy = $6
		$6.FileWidth = 100
		$6.TabWidth = 2
		$6.EolMarker = Windows
		$6.inheritsSet = VisualStudio
		$6.inheritsScope = text/plain
		$6.scope = application/xml
		$0.XmlFormattingPolicy = $7
		$7.inheritsSet = Mono
		$7.inheritsScope = application/xml
		$7.scope = application/xml
	EndGlobalSection
EndGlobal
