
Microsoft Visual Studio Solution File, Format Version 11.00
# Visual Studio 2010
Project("{FAE04EC0-301F-11D3-BF4B-00C04F79EFBC}") = "SolidReflector", "SolidReflector.csproj", "{2F7448D6-7206-4758-BB48-F48D4C75AB5F}"
EndProject
Project("{2150E333-8FDC-42A3-9474-1A3956D46DE8}") = "vendors", "vendors", "{0A9C2665-0F6D-44B5-880B-DDDF36798594}"
EndProject
Project("{FAE04EC0-301F-11D3-BF4B-00C04F79EFBC}") = "Mono.Cecil", "..\..\..\..\SolidOpt\vendors\Mono.Cecil\v0.9.3\Mono.Cecil.csproj", "{D68133BD-1E63-496E-9EDE-4FBDBF77B486}"
EndProject
Project("{FAE04EC0-301F-11D3-BF4B-00C04F79EFBC}") = "SolidOpt.Services", "..\..\..\..\SolidOpt\trunk\src\Services\SolidOpt.Services.csproj", "{c41b5fb4-dae9-4a27-9d15-55109ab79660}"
EndProject
Project("{FAE04EC0-301F-11D3-BF4B-00C04F79EFBC}") = "SolidOpt.Services.Multimodel", "..\..\..\..\SolidOpt\trunk\src\Services\Transformations\Multimodel\SolidOpt.Services.Multimodel.csproj", "{02e6657d-3102-4d7e-94b5-6b38a0e34a86}"
EndProject
Project("{FAE04EC0-301F-11D3-BF4B-00C04F79EFBC}") = "SolidOpt.Services.Compatibility", "..\..\..\..\SolidOpt\trunk\src\Services\Compatibility\SolidOpt.Services.Compatibility.csproj", "{846d2563-5af8-4459-81c6-59a9da174849}"
EndProject
Project("{FAE04EC0-301F-11D3-BF4B-00C04F79EFBC}") = "SolidOpt.Services.Transformations", "..\..\..\..\SolidOpt\trunk\src\Services\Transformations\SolidOpt.Services.Transformations.csproj", "{6ea875ad-4277-4ef6-8d5c-03a0995db7fd}"
EndProject
Global
	GlobalSection(SolutionConfigurationPlatforms) = preSolution
		Debug|x86 = Debug|x86
		Release|x86 = Release|x86
		RunTest|Any CPU = RunTest|Any CPU
	EndGlobalSection
	GlobalSection(ProjectConfigurationPlatforms) = postSolution
		{02e6657d-3102-4d7e-94b5-6b38a0e34a86}.Debug|x86.ActiveCfg = Debug|Any CPU
		{02e6657d-3102-4d7e-94b5-6b38a0e34a86}.Debug|x86.Build.0 = Debug|Any CPU
		{02e6657d-3102-4d7e-94b5-6b38a0e34a86}.Release|x86.ActiveCfg = Release|Any CPU
		{02e6657d-3102-4d7e-94b5-6b38a0e34a86}.Release|x86.Build.0 = Release|Any CPU
		{02e6657d-3102-4d7e-94b5-6b38a0e34a86}.RunTest|Any CPU.ActiveCfg = Debug|Any CPU
		{02e6657d-3102-4d7e-94b5-6b38a0e34a86}.RunTest|Any CPU.Build.0 = Debug|Any CPU
		{2F7448D6-7206-4758-BB48-F48D4C75AB5F}.Debug|x86.ActiveCfg = Debug|x86
		{2F7448D6-7206-4758-BB48-F48D4C75AB5F}.Debug|x86.Build.0 = Debug|x86
		{2F7448D6-7206-4758-BB48-F48D4C75AB5F}.Release|x86.ActiveCfg = Release|x86
		{2F7448D6-7206-4758-BB48-F48D4C75AB5F}.Release|x86.Build.0 = Release|x86
		{6ea875ad-4277-4ef6-8d5c-03a0995db7fd}.Debug|x86.ActiveCfg = Debug|Any CPU
		{6ea875ad-4277-4ef6-8d5c-03a0995db7fd}.Debug|x86.Build.0 = Debug|Any CPU
		{6ea875ad-4277-4ef6-8d5c-03a0995db7fd}.Release|x86.ActiveCfg = Release|Any CPU
		{6ea875ad-4277-4ef6-8d5c-03a0995db7fd}.Release|x86.Build.0 = Release|Any CPU
		{6ea875ad-4277-4ef6-8d5c-03a0995db7fd}.RunTest|Any CPU.ActiveCfg = Debug|Any CPU
		{6ea875ad-4277-4ef6-8d5c-03a0995db7fd}.RunTest|Any CPU.Build.0 = Debug|Any CPU
		{846d2563-5af8-4459-81c6-59a9da174849}.Debug|x86.ActiveCfg = Debug|Any CPU
		{846d2563-5af8-4459-81c6-59a9da174849}.Debug|x86.Build.0 = Debug|Any CPU
		{846d2563-5af8-4459-81c6-59a9da174849}.Release|x86.ActiveCfg = Release|Any CPU
		{846d2563-5af8-4459-81c6-59a9da174849}.Release|x86.Build.0 = Release|Any CPU
		{846d2563-5af8-4459-81c6-59a9da174849}.RunTest|Any CPU.ActiveCfg = Debug|Any CPU
		{846d2563-5af8-4459-81c6-59a9da174849}.RunTest|Any CPU.Build.0 = Debug|Any CPU
		{c41b5fb4-dae9-4a27-9d15-55109ab79660}.Debug|x86.ActiveCfg = Debug|Any CPU
		{c41b5fb4-dae9-4a27-9d15-55109ab79660}.Debug|x86.Build.0 = Debug|Any CPU
		{c41b5fb4-dae9-4a27-9d15-55109ab79660}.Release|x86.ActiveCfg = Release|Any CPU
		{c41b5fb4-dae9-4a27-9d15-55109ab79660}.Release|x86.Build.0 = Release|Any CPU
		{c41b5fb4-dae9-4a27-9d15-55109ab79660}.RunTest|Any CPU.ActiveCfg = RunTest|Any CPU
		{c41b5fb4-dae9-4a27-9d15-55109ab79660}.RunTest|Any CPU.Build.0 = RunTest|Any CPU
		{D68133BD-1E63-496E-9EDE-4FBDBF77B486}.Debug|x86.ActiveCfg = Debug|Any CPU
		{D68133BD-1E63-496E-9EDE-4FBDBF77B486}.Debug|x86.Build.0 = Debug|Any CPU
		{D68133BD-1E63-496E-9EDE-4FBDBF77B486}.Release|x86.ActiveCfg = Release|Any CPU
		{D68133BD-1E63-496E-9EDE-4FBDBF77B486}.Release|x86.Build.0 = Release|Any CPU
	EndGlobalSection
	GlobalSection(NestedProjects) = preSolution
		{D68133BD-1E63-496E-9EDE-4FBDBF77B486} = {0A9C2665-0F6D-44B5-880B-DDDF36798594}
		{c41b5fb4-dae9-4a27-9d15-55109ab79660} = {0A9C2665-0F6D-44B5-880B-DDDF36798594}
		{02e6657d-3102-4d7e-94b5-6b38a0e34a86} = {0A9C2665-0F6D-44B5-880B-DDDF36798594}
		{846d2563-5af8-4459-81c6-59a9da174849} = {0A9C2665-0F6D-44B5-880B-DDDF36798594}
		{6ea875ad-4277-4ef6-8d5c-03a0995db7fd} = {0A9C2665-0F6D-44B5-880B-DDDF36798594}
	EndGlobalSection
	GlobalSection(MonoDevelopProperties) = preSolution
		StartupItem = SolidReflector.csproj
		Policies = $0
		$0.DotNetNamingPolicy = $1
		$1.DirectoryNamespaceAssociation = None
		$1.ResourceNamePolicy = FileFormatDefault
		$0.TextStylePolicy = $2
		$2.FileWidth = 100
		$2.TabWidth = 2
		$2.RemoveTrailingWhitespace = True
		$2.EolMarker = Windows
		$2.inheritsSet = VisualStudio
		$2.inheritsScope = text/plain
		$2.scope = text/plain
		$0.TextStylePolicy = $3
		$3.FileWidth = 100
		$3.TabWidth = 2
		$3.RemoveTrailingWhitespace = True
		$3.EolMarker = Windows
		$3.inheritsSet = VisualStudio
		$3.inheritsScope = text/plain
		$3.scope = text/x-csharp
		$0.CSharpFormattingPolicy = $4
		$4.IndentSwitchBody = True
		$4.AlignEmbeddedUsingStatements = False
		$4.AlignEmbeddedIfStatements = False
		$4.MethodBraceStyle = EndOfLine
		$4.ConstructorBraceStyle = EndOfLine
		$4.DestructorBraceStyle = EndOfLine
		$4.BeforeMethodDeclarationParentheses = False
		$4.BeforeMethodCallParentheses = False
		$4.BeforeConstructorDeclarationParentheses = False
		$4.BeforeIndexerDeclarationBracket = False
		$4.BeforeDelegateDeclarationParentheses = False
		$4.AfterDelegateDeclarationParameterComma = True
		$4.NewParentheses = False
		$4.SpacesBeforeBrackets = False
		$4.inheritsSet = Mono
		$4.inheritsScope = text/x-csharp
		$4.scope = text/x-csharp
		$0.StandardHeader = $5
		$5.Text = @/*\n * $Id: $\n * It is part of the SolidOpt Copyright Policy (see Copyright.txt)\n * For further details see the nearest License.txt\n */
		$5.IncludeInNewFiles = False
		$0.TextStylePolicy = $6
		$6.FileWidth = 100
		$6.TabWidth = 2
		$6.RemoveTrailingWhitespace = True
		$6.EolMarker = Windows
		$6.inheritsSet = VisualStudio
		$6.inheritsScope = text/plain
		$6.scope = application/xml
		$0.XmlFormattingPolicy = $7
		$7.inheritsSet = Mono
		$7.inheritsScope = application/xml
		$7.scope = application/xml
	EndGlobalSection
EndGlobal
