
Microsoft Visual Studio Solution File, Format Version 11.00
# Visual Studio 2010
# SharpDevelop 4.2.0.8774-RC
Project("{FAE04EC0-301F-11D3-BF4B-00C04F79EFBC}") = "DataMorphose", "src\DataMorphose.csproj", "{05710681-804D-4225-B53D-8DCC08B604BF}"
EndProject
Project("{FAE04EC0-301F-11D3-BF4B-00C04F79EFBC}") = "DataMorphose.Test", "test\DataMorphose.Test.csproj", "{0A76748C-7758-48BF-969F-0D7FC68A0EF9}"
EndProject
Global
	GlobalSection(SolutionConfigurationPlatforms) = preSolution
		Debug|x86 = Debug|x86
		Release|x86 = Release|x86
		Default|Any CPU = Default|Any CPU
		Debug|Any CPU = Debug|Any CPU
		Release|Any CPU = Release|Any CPU
	EndGlobalSection
	GlobalSection(ProjectConfigurationPlatforms) = postSolution
		{05710681-804D-4225-B53D-8DCC08B604BF}.Debug|x86.ActiveCfg = Debug|x86
		{05710681-804D-4225-B53D-8DCC08B604BF}.Debug|x86.Build.0 = Debug|x86
		{05710681-804D-4225-B53D-8DCC08B604BF}.Release|x86.ActiveCfg = Release|x86
		{05710681-804D-4225-B53D-8DCC08B604BF}.Release|x86.Build.0 = Release|x86
		{0A76748C-7758-48BF-969F-0D7FC68A0EF9}.Debug|x86.ActiveCfg = Debug|Any CPU
		{0A76748C-7758-48BF-969F-0D7FC68A0EF9}.Debug|x86.Build.0 = Debug|Any CPU
		{0A76748C-7758-48BF-969F-0D7FC68A0EF9}.Default|Any CPU.ActiveCfg = Debug|Any CPU
		{0A76748C-7758-48BF-969F-0D7FC68A0EF9}.Default|Any CPU.Build.0 = Debug|Any CPU
		{0A76748C-7758-48BF-969F-0D7FC68A0EF9}.Release|x86.ActiveCfg = Release|Any CPU
		{0A76748C-7758-48BF-969F-0D7FC68A0EF9}.Release|x86.Build.0 = Release|Any CPU
		{0A76748C-7758-48BF-969F-0D7FC68A0EF9}.Debug|Any CPU.Build.0 = Debug|Any CPU
		{0A76748C-7758-48BF-969F-0D7FC68A0EF9}.Debug|Any CPU.ActiveCfg = Debug|Any CPU
		{0A76748C-7758-48BF-969F-0D7FC68A0EF9}.Release|Any CPU.Build.0 = Release|Any CPU
		{0A76748C-7758-48BF-969F-0D7FC68A0EF9}.Release|Any CPU.ActiveCfg = Release|Any CPU
	EndGlobalSection
	GlobalSection(MonoDevelopProperties) = preSolution
		StartupItem = DataMorphose.csproj
		Policies = $0
		$0.TextStylePolicy = $1
		$1.FileWidth = 100
		$1.TabWidth = 2
		$1.RemoveTrailingWhitespace = True
		$1.EolMarker = Windows
		$1.inheritsSet = VisualStudio
		$1.inheritsScope = text/plain
		$1.scope = application/xml
		$0.XmlFormattingPolicy = $2
		$2.inheritsSet = Mono
		$2.inheritsScope = application/xml
		$2.scope = application/xml
		$0.TextStylePolicy = $3
		$3.FileWidth = 100
		$3.TabWidth = 2
		$3.RemoveTrailingWhitespace = True
		$3.EolMarker = Windows
		$3.inheritsSet = VisualStudio
		$3.inheritsScope = text/plain
		$3.scope = text/plain
		$0.TextStylePolicy = $4
		$4.FileWidth = 100
		$4.TabWidth = 2
		$4.RemoveTrailingWhitespace = True
		$4.EolMarker = Windows
		$4.inheritsSet = VisualStudio
		$4.inheritsScope = text/plain
		$4.scope = text/x-csharp
		$0.CSharpFormattingPolicy = $5
		$5.IndentSwitchBody = True
		$5.AlignEmbeddedUsingStatements = False
		$5.AlignEmbeddedIfStatements = False
		$5.MethodBraceStyle = EndOfLine
		$5.ConstructorBraceStyle = EndOfLine
		$5.DestructorBraceStyle = EndOfLine
		$5.BeforeMethodDeclarationParentheses = False
		$5.BeforeMethodCallParentheses = False
		$5.BeforeConstructorDeclarationParentheses = False
		$5.BeforeIndexerDeclarationBracket = False
		$5.BeforeDelegateDeclarationParentheses = False
		$5.AfterDelegateDeclarationParameterComma = True
		$5.NewParentheses = False
		$5.SpacesBeforeBrackets = False
		$5.inheritsSet = Mono
		$5.inheritsScope = text/x-csharp
		$5.scope = text/x-csharp
		$0.StandardHeader = $6
		$6.Text = @/*\n * $Id: $\n * It is part of the SolidOpt Copyright Policy (see Copyright.txt)\n * For further details see the nearest License.txt\n */
		$6.IncludeInNewFiles = True
		$0.DotNetNamingPolicy = $7
		$7.DirectoryNamespaceAssociation = None
		$7.ResourceNamePolicy = FileFormatDefault
		$0.TextStylePolicy = $8
		$8.FileWidth = 100
		$8.TabWidth = 2
		$8.RemoveTrailingWhitespace = True
		$8.EolMarker = Windows
		$8.inheritsSet = VisualStudio
		$8.inheritsScope = text/plain
		$8.scope = application/config+xml
		$0.XmlFormattingPolicy = $9
		$9.inheritsSet = Mono
		$9.inheritsScope = application/xml
		$9.scope = application/config+xml
	EndGlobalSection
EndGlobal
