
Microsoft Visual Studio Solution File, Format Version 10.00
# Visual Studio 2008
# SharpDevelop 3.0.0.3800
Project("{FAE04EC0-301F-11D3-BF4B-00C04F79EFBC}") = "Loader", "Loader\Loader.csproj", "{39655872-F4B6-4698-B326-81B3DA707192}"
EndProject
Project("{FAE04EC0-301F-11D3-BF4B-00C04F79EFBC}") = "Loadee", "Loadee\Loadee.csproj", "{7CCE9049-76C5-4D92-9731-FB375C60F9B1}"
EndProject
Project("{FAE04EC0-301F-11D3-BF4B-00C04F79EFBC}") = "NopRemover", "..\NopRemover\NopRemover.csproj", "{2CEFC6BD-6924-4E76-97BF-4C9951F09D1F}"
EndProject
Project("{FAE04EC0-301F-11D3-BF4B-00C04F79EFBC}") = "OverflowArithmeticRemover", "..\OverflowArithmeticRemover\OverflowArithmeticRemover.csproj", "81991372-639D-4EED-904E-960B666CC714"
EndProject
Project("{FAE04EC0-301F-11D3-BF4B-00C04F79EFBC}") = "ILtoAST", "..\ILtoAST\ILtoAST.csproj", "79B42389-27F8-460B-9CDF-65342EA6699C"
EndProject
Project("{FAE04EC0-301F-11D3-BF4B-00C04F79EFBC}") = "ASTtoIL", "..\ASTtoIL\ASTtoIL.csproj", "{12F84CA5-C981-420D-8CFA-24B68ED11DCE}"
EndProject
Project("{FAE04EC0-301F-11D3-BF4B-00C04F79EFBC}") = "AstMethodDefinitionModel", "..\AstMethodDefinitionModel\AstMethodDefinitionModel.csproj", "{009B19FC-7D5E-4F38-8421-7A63115C23E8}"
EndProject
Project("{2150E333-8FDC-42A3-9474-1A3956D46DE8}") = "vendors", "vendors", "{ABC432FE-AAB2-43DE-9AEB-1B75BCA012AD}"
	ProjectSection(SolutionItems) = postProject
	EndProjectSection
EndProject
Project("{FAE04EC0-301F-11D3-BF4B-00C04F79EFBC}") = "nunit.core.interfaces.dll", "..\..\..\..\core\src\vendors\NUnit\NUnit\src\NUnitCore\interfaces\nunit.core.interfaces.dll.csproj", "{435428F8-5995-4CE4-8022-93D595A8CC0F}"
EndProject
Project("{FAE04EC0-301F-11D3-BF4B-00C04F79EFBC}") = "nunit.framework.dll", "..\..\..\..\core\src\vendors\NUnit\NUnit\src\NUnitFramework\framework\nunit.framework.dll.csproj", "{83DD7E12-A705-4DBA-9D71-09C8973D9382}"
EndProject
Project("{FAE04EC0-301F-11D3-BF4B-00C04F79EFBC}") = "nunit.core.dll", "..\..\..\..\core\src\vendors\NUnit\NUnit\src\NUnitCore\core\nunit.core.dll.csproj", "{EBD43A7F-AFCA-4281-BB53-5CDD91F966A3}"
EndProject
Project("{FAE04EC0-301F-11D3-BF4B-00C04F79EFBC}") = "Mono.Cecil", "..\..\..\..\core\src\vendors\Mono.Cecil\Mono.Cecil.csproj", "{D8F63DFF-5230-43E4-9AB2-DA6E721A1FAE}"
EndProject
Project("{FAE04EC0-301F-11D3-BF4B-00C04F79EFBC}") = "Cecil.Decompiler", "..\..\..\..\core\src\vendors\Cecil.Decompiler\Cecil.Decompiler\Cecil.Decompiler.csproj", "{ED1BE103-1699-4116-A732-616BEB142EB2}"
EndProject
Project("{FAE04EC0-301F-11D3-BF4B-00C04F79EFBC}") = "Mono.Cecil.Rocks", "..\..\..\..\core\src\vendors\Mono.Cecil\rocks\Mono.Cecil.Rocks.csproj", "{FBC6DD59-D09D-499C-B03C-99C1C78FF2AC}"
EndProject
Project("{FAE04EC0-301F-11D3-BF4B-00C04F79EFBC}") = "MethodInliner", "..\MethodInliner\MethodInliner.csproj", "{09A9101B-94C4-46F0-99B5-DA5E658C5A4E}"
EndProject
Project("{2150E333-8FDC-42A3-9474-1A3956D46DE8}") = "tests", "tests", "{F3AFF30D-5C64-4C7C-8ECC-37308950C64C}"
	ProjectSection(SolutionItems) = postProject
	EndProjectSection
EndProject
Project("{FAE04EC0-301F-11D3-BF4B-00C04F79EFBC}") = "test", "..\..\..\..\core\test\test.csproj", "7F39D2AF-BE05-4A7D-8A2E-B210F10BF72F"
EndProject
Project("{FAE04EC0-301F-11D3-BF4B-00C04F79EFBC}") = "ConstantFolding", "..\ConstantFolding\ConstantFolding.csproj", "{68F2A166-BED6-44F3-9440-3DDF412F4BA4}"
EndProject
Project("{FAE04EC0-301F-11D3-BF4B-00C04F79EFBC}") = "ConstantPropagation", "..\ConstantPropagation\ConstantPropagation.csproj", "{1E227DA0-76C7-499C-BFB2-D11E6F212445}"
EndProject
Project("{FAE04EC0-301F-11D3-BF4B-00C04F79EFBC}") = "SimplifyExpresson", "..\SimplifyExpresson\SimplifyExpresson.csproj", "{29CE04D4-BB40-4638-800F-5EBADAB52B69}"
EndProject
Project("{FAE04EC0-301F-11D3-BF4B-00C04F79EFBC}") = "SolidOpt", "..\..\..\..\core\src\SolidOpt.csproj", "{3975D054-C5DC-4BE3-9213-B1BBC3630DC0}"
EndProject
Global
	GlobalSection(SolutionConfigurationPlatforms) = preSolution
		Debug|Any CPU = Debug|Any CPU
		Release|Any CPU = Release|Any CPU
	EndGlobalSection
	GlobalSection(ProjectConfigurationPlatforms) = postSolution
		{39655872-F4B6-4698-B326-81B3DA707192}.Debug|Any CPU.Build.0 = Debug|Any CPU
		{39655872-F4B6-4698-B326-81B3DA707192}.Debug|Any CPU.ActiveCfg = Debug|Any CPU
		{39655872-F4B6-4698-B326-81B3DA707192}.Release|Any CPU.Build.0 = Release|Any CPU
		{39655872-F4B6-4698-B326-81B3DA707192}.Release|Any CPU.ActiveCfg = Release|Any CPU
		{7CCE9049-76C5-4D92-9731-FB375C60F9B1}.Debug|Any CPU.Build.0 = Debug|Any CPU
		{7CCE9049-76C5-4D92-9731-FB375C60F9B1}.Debug|Any CPU.ActiveCfg = Debug|Any CPU
		{7CCE9049-76C5-4D92-9731-FB375C60F9B1}.Release|Any CPU.Build.0 = Release|Any CPU
		{7CCE9049-76C5-4D92-9731-FB375C60F9B1}.Release|Any CPU.ActiveCfg = Release|Any CPU
		{2CEFC6BD-6924-4E76-97BF-4C9951F09D1F}.Debug|Any CPU.Build.0 = Debug|Any CPU
		{2CEFC6BD-6924-4E76-97BF-4C9951F09D1F}.Debug|Any CPU.ActiveCfg = Debug|Any CPU
		{2CEFC6BD-6924-4E76-97BF-4C9951F09D1F}.Release|Any CPU.Build.0 = Release|Any CPU
		{2CEFC6BD-6924-4E76-97BF-4C9951F09D1F}.Release|Any CPU.ActiveCfg = Release|Any CPU
		81991372-639D-4EED-904E-960B666CC714.Debug|Any CPU.Build.0 = Debug|Any CPU
		81991372-639D-4EED-904E-960B666CC714.Debug|Any CPU.ActiveCfg = Debug|Any CPU
		81991372-639D-4EED-904E-960B666CC714.Release|Any CPU.Build.0 = Release|Any CPU
		81991372-639D-4EED-904E-960B666CC714.Release|Any CPU.ActiveCfg = Release|Any CPU
		79B42389-27F8-460B-9CDF-65342EA6699C.Debug|Any CPU.Build.0 = Debug|Any CPU
		79B42389-27F8-460B-9CDF-65342EA6699C.Debug|Any CPU.ActiveCfg = Debug|Any CPU
		79B42389-27F8-460B-9CDF-65342EA6699C.Release|Any CPU.Build.0 = Release|Any CPU
		79B42389-27F8-460B-9CDF-65342EA6699C.Release|Any CPU.ActiveCfg = Release|Any CPU
		{12F84CA5-C981-420D-8CFA-24B68ED11DCE}.Debug|Any CPU.Build.0 = Debug|Any CPU
		{12F84CA5-C981-420D-8CFA-24B68ED11DCE}.Debug|Any CPU.ActiveCfg = Debug|Any CPU
		{12F84CA5-C981-420D-8CFA-24B68ED11DCE}.Release|Any CPU.Build.0 = Release|Any CPU
		{12F84CA5-C981-420D-8CFA-24B68ED11DCE}.Release|Any CPU.ActiveCfg = Release|Any CPU
		{009B19FC-7D5E-4F38-8421-7A63115C23E8}.Debug|Any CPU.Build.0 = Debug|Any CPU
		{009B19FC-7D5E-4F38-8421-7A63115C23E8}.Debug|Any CPU.ActiveCfg = Debug|Any CPU
		{009B19FC-7D5E-4F38-8421-7A63115C23E8}.Release|Any CPU.Build.0 = Release|Any CPU
		{009B19FC-7D5E-4F38-8421-7A63115C23E8}.Release|Any CPU.ActiveCfg = Release|Any CPU
		{09A9101B-94C4-46F0-99B5-DA5E658C5A4E}.Debug|Any CPU.Build.0 = Debug|Any CPU
		{09A9101B-94C4-46F0-99B5-DA5E658C5A4E}.Debug|Any CPU.ActiveCfg = Debug|Any CPU
		{09A9101B-94C4-46F0-99B5-DA5E658C5A4E}.Release|Any CPU.Build.0 = Release|Any CPU
		{09A9101B-94C4-46F0-99B5-DA5E658C5A4E}.Release|Any CPU.ActiveCfg = Release|Any CPU
		{68F2A166-BED6-44F3-9440-3DDF412F4BA4}.Debug|Any CPU.Build.0 = Debug|Any CPU
		{68F2A166-BED6-44F3-9440-3DDF412F4BA4}.Debug|Any CPU.ActiveCfg = Debug|Any CPU
		{68F2A166-BED6-44F3-9440-3DDF412F4BA4}.Release|Any CPU.Build.0 = Release|Any CPU
		{68F2A166-BED6-44F3-9440-3DDF412F4BA4}.Release|Any CPU.ActiveCfg = Release|Any CPU
		{1E227DA0-76C7-499C-BFB2-D11E6F212445}.Debug|Any CPU.Build.0 = Debug|Any CPU
		{1E227DA0-76C7-499C-BFB2-D11E6F212445}.Debug|Any CPU.ActiveCfg = Debug|Any CPU
		{1E227DA0-76C7-499C-BFB2-D11E6F212445}.Release|Any CPU.Build.0 = Release|Any CPU
		{1E227DA0-76C7-499C-BFB2-D11E6F212445}.Release|Any CPU.ActiveCfg = Release|Any CPU
		{29CE04D4-BB40-4638-800F-5EBADAB52B69}.Debug|Any CPU.Build.0 = Debug|Any CPU
		{29CE04D4-BB40-4638-800F-5EBADAB52B69}.Debug|Any CPU.ActiveCfg = Debug|Any CPU
		{29CE04D4-BB40-4638-800F-5EBADAB52B69}.Release|Any CPU.Build.0 = Release|Any CPU
		{29CE04D4-BB40-4638-800F-5EBADAB52B69}.Release|Any CPU.ActiveCfg = Release|Any CPU
		7F39D2AF-BE05-4A7D-8A2E-B210F10BF72F.Debug|Any CPU.Build.0 = Debug|Any CPU
		7F39D2AF-BE05-4A7D-8A2E-B210F10BF72F.Debug|Any CPU.ActiveCfg = Debug|Any CPU
		7F39D2AF-BE05-4A7D-8A2E-B210F10BF72F.Release|Any CPU.Build.0 = Release|Any CPU
		7F39D2AF-BE05-4A7D-8A2E-B210F10BF72F.Release|Any CPU.ActiveCfg = Release|Any CPU
		{ED1BE103-1699-4116-A732-616BEB142EB2}.Debug|Any CPU.Build.0 = Debug|Any CPU
		{ED1BE103-1699-4116-A732-616BEB142EB2}.Debug|Any CPU.ActiveCfg = Debug|Any CPU
		{ED1BE103-1699-4116-A732-616BEB142EB2}.Release|Any CPU.Build.0 = Release|Any CPU
		{ED1BE103-1699-4116-A732-616BEB142EB2}.Release|Any CPU.ActiveCfg = Release|Any CPU
		{3975D054-C5DC-4BE3-9213-B1BBC3630DC0}.Debug|Any CPU.Build.0 = Debug|Any CPU
		{3975D054-C5DC-4BE3-9213-B1BBC3630DC0}.Debug|Any CPU.ActiveCfg = Debug|Any CPU
		{3975D054-C5DC-4BE3-9213-B1BBC3630DC0}.Release|Any CPU.Build.0 = Release|Any CPU
		{3975D054-C5DC-4BE3-9213-B1BBC3630DC0}.Release|Any CPU.ActiveCfg = Release|Any CPU
		{D8F63DFF-5230-43E4-9AB2-DA6E721A1FAE}.Debug|Any CPU.Build.0 = Debug|Any CPU
		{D8F63DFF-5230-43E4-9AB2-DA6E721A1FAE}.Debug|Any CPU.ActiveCfg = Debug|Any CPU
		{D8F63DFF-5230-43E4-9AB2-DA6E721A1FAE}.Release|Any CPU.Build.0 = Release|Any CPU
		{D8F63DFF-5230-43E4-9AB2-DA6E721A1FAE}.Release|Any CPU.ActiveCfg = Release|Any CPU
		{EBD43A7F-AFCA-4281-BB53-5CDD91F966A3}.Debug|Any CPU.Build.0 = Debug|Any CPU
		{EBD43A7F-AFCA-4281-BB53-5CDD91F966A3}.Debug|Any CPU.ActiveCfg = Debug|Any CPU
		{EBD43A7F-AFCA-4281-BB53-5CDD91F966A3}.Release|Any CPU.Build.0 = Release|Any CPU
		{EBD43A7F-AFCA-4281-BB53-5CDD91F966A3}.Release|Any CPU.ActiveCfg = Release|Any CPU
		{83DD7E12-A705-4DBA-9D71-09C8973D9382}.Debug|Any CPU.Build.0 = Debug|Any CPU
		{83DD7E12-A705-4DBA-9D71-09C8973D9382}.Debug|Any CPU.ActiveCfg = Debug|Any CPU
		{83DD7E12-A705-4DBA-9D71-09C8973D9382}.Release|Any CPU.Build.0 = Release|Any CPU
		{83DD7E12-A705-4DBA-9D71-09C8973D9382}.Release|Any CPU.ActiveCfg = Release|Any CPU
		{435428F8-5995-4CE4-8022-93D595A8CC0F}.Debug|Any CPU.Build.0 = Debug|Any CPU
		{435428F8-5995-4CE4-8022-93D595A8CC0F}.Debug|Any CPU.ActiveCfg = Debug|Any CPU
		{435428F8-5995-4CE4-8022-93D595A8CC0F}.Release|Any CPU.Build.0 = Release|Any CPU
		{435428F8-5995-4CE4-8022-93D595A8CC0F}.Release|Any CPU.ActiveCfg = Release|Any CPU
		{FBC6DD59-D09D-499C-B03C-99C1C78FF2AC}.Debug|Any CPU.Build.0 = Debug|Any CPU
		{FBC6DD59-D09D-499C-B03C-99C1C78FF2AC}.Debug|Any CPU.ActiveCfg = Debug|Any CPU
		{FBC6DD59-D09D-499C-B03C-99C1C78FF2AC}.Release|Any CPU.Build.0 = Release|Any CPU
		{FBC6DD59-D09D-499C-B03C-99C1C78FF2AC}.Release|Any CPU.ActiveCfg = Release|Any CPU
	EndGlobalSection
	GlobalSection(NestedProjects) = preSolution
		{FBC6DD59-D09D-499C-B03C-99C1C78FF2AC} = {ABC432FE-AAB2-43DE-9AEB-1B75BCA012AD}
		{ED1BE103-1699-4116-A732-616BEB142EB2} = {ABC432FE-AAB2-43DE-9AEB-1B75BCA012AD}
		{D8F63DFF-5230-43E4-9AB2-DA6E721A1FAE} = {ABC432FE-AAB2-43DE-9AEB-1B75BCA012AD}
		{EBD43A7F-AFCA-4281-BB53-5CDD91F966A3} = {ABC432FE-AAB2-43DE-9AEB-1B75BCA012AD}
		{83DD7E12-A705-4DBA-9D71-09C8973D9382} = {ABC432FE-AAB2-43DE-9AEB-1B75BCA012AD}
		{435428F8-5995-4CE4-8022-93D595A8CC0F} = {ABC432FE-AAB2-43DE-9AEB-1B75BCA012AD}
		7F39D2AF-BE05-4A7D-8A2E-B210F10BF72F = {F3AFF30D-5C64-4C7C-8ECC-37308950C64C}
	EndGlobalSection
EndGlobal
