
Microsoft Visual Studio Solution File, Format Version 10.00
# Visual Studio 2008
# SharpDevelop 3.0.0.3800
Project("{FAE04EC0-301F-11D3-BF4B-00C04F79EFBC}") = "Loader", "Loader.csproj", "{A37B3085-8AA2-4889-B7E6-5AE93840436A}"
EndProject
Project("{FAE04EC0-301F-11D3-BF4B-00C04F79EFBC}") = "TestPluginService", "..\..\..\Optimization Methods\TestPluginService\TestPluginService.csproj", "{7B763290-3229-4558-8611-C49EDC4CEA61}"
EndProject
Global
	GlobalSection(SolutionConfigurationPlatforms) = preSolution
		Debug|Any CPU = Debug|Any CPU
		Release|Any CPU = Release|Any CPU
	EndGlobalSection
	GlobalSection(ProjectConfigurationPlatforms) = postSolution
		{A37B3085-8AA2-4889-B7E6-5AE93840436A}.Debug|Any CPU.Build.0 = Debug|Any CPU
		{A37B3085-8AA2-4889-B7E6-5AE93840436A}.Debug|Any CPU.ActiveCfg = Debug|Any CPU
		{A37B3085-8AA2-4889-B7E6-5AE93840436A}.Release|Any CPU.Build.0 = Release|Any CPU
		{A37B3085-8AA2-4889-B7E6-5AE93840436A}.Release|Any CPU.ActiveCfg = Release|Any CPU
		{7B763290-3229-4558-8611-C49EDC4CEA61}.Debug|Any CPU.Build.0 = Debug|Any CPU
		{7B763290-3229-4558-8611-C49EDC4CEA61}.Debug|Any CPU.ActiveCfg = Debug|Any CPU
		{7B763290-3229-4558-8611-C49EDC4CEA61}.Release|Any CPU.Build.0 = Release|Any CPU
		{7B763290-3229-4558-8611-C49EDC4CEA61}.Release|Any CPU.ActiveCfg = Release|Any CPU
	EndGlobalSection
EndGlobal
