
Microsoft Visual Studio Solution File, Format Version 9.00
# Visual Studio 2005
Project("{FAE04EC0-301F-11D3-BF4B-00C04F79EFBC}") = "Minimal", "Minimal\Minimal.csproj", "{2A4439C2-8A37-4A1C-AE67-A541F549EEA5}"
EndProject
Project("{FAE04EC0-301F-11D3-BF4B-00C04F79EFBC}") = "MaxTimeDecorator", "MaxTimeDecorator\MaxTimeDecorator.csproj", "{18B367BF-79F0-4A4A-AC84-343B1610555F}"
EndProject
Project("{FAE04EC0-301F-11D3-BF4B-00C04F79EFBC}") = "SampleFixtureExtensionTests", "SampleFixtureExtension\Tests\SampleFixtureExtensionTests.csproj", "{69A218D5-85E8-43C4-AA7E-EF954E65CF90}"
EndProject
Project("{FAE04EC0-301F-11D3-BF4B-00C04F79EFBC}") = "MaxTimeDecoratorTests", "MaxTimeDecorator\Tests\MaxTimeDecoratorTests.csproj", "{1D5FC01C-16B1-4715-8FC2-5BCE771ED080}"
EndProject
Project("{FAE04EC0-301F-11D3-BF4B-00C04F79EFBC}") = "SampleSuiteExtensionTests", "SampleSuiteExtension\Tests\SampleSuiteExtensionTests.csproj", "{C06E8A19-AB77-48DF-9C80-CC4222E51162}"
EndProject
Project("{FAE04EC0-301F-11D3-BF4B-00C04F79EFBC}") = "SampleSuiteExtension", "SampleSuiteExtension\SampleSuiteExtension.csproj", "{E467C737-E180-4127-8430-87A418F69E29}"
EndProject
Project("{FAE04EC0-301F-11D3-BF4B-00C04F79EFBC}") = "SampleFixtureExtension", "SampleFixtureExtension\SampleFixtureExtension.csproj", "{886038AC-A7F7-47F0-A6E7-B7B9A807520F}"
EndProject
Global
	GlobalSection(SolutionConfigurationPlatforms) = preSolution
		Debug|Any CPU = Debug|Any CPU
		Release|Any CPU = Release|Any CPU
	EndGlobalSection
	GlobalSection(ProjectConfigurationPlatforms) = postSolution
		{18B367BF-79F0-4A4A-AC84-343B1610555F}.Debug|Any CPU.ActiveCfg = Debug|Any CPU
		{18B367BF-79F0-4A4A-AC84-343B1610555F}.Debug|Any CPU.Build.0 = Debug|Any CPU
		{18B367BF-79F0-4A4A-AC84-343B1610555F}.Release|Any CPU.ActiveCfg = Release|Any CPU
		{18B367BF-79F0-4A4A-AC84-343B1610555F}.Release|Any CPU.Build.0 = Release|Any CPU
		{1D5FC01C-16B1-4715-8FC2-5BCE771ED080}.Debug|Any CPU.ActiveCfg = Debug|Any CPU
		{1D5FC01C-16B1-4715-8FC2-5BCE771ED080}.Debug|Any CPU.Build.0 = Debug|Any CPU
		{1D5FC01C-16B1-4715-8FC2-5BCE771ED080}.Release|Any CPU.ActiveCfg = Release|Any CPU
		{1D5FC01C-16B1-4715-8FC2-5BCE771ED080}.Release|Any CPU.Build.0 = Release|Any CPU
		{2A4439C2-8A37-4A1C-AE67-A541F549EEA5}.Debug|Any CPU.ActiveCfg = Debug|Any CPU
		{2A4439C2-8A37-4A1C-AE67-A541F549EEA5}.Debug|Any CPU.Build.0 = Debug|Any CPU
		{2A4439C2-8A37-4A1C-AE67-A541F549EEA5}.Release|Any CPU.ActiveCfg = Release|Any CPU
		{2A4439C2-8A37-4A1C-AE67-A541F549EEA5}.Release|Any CPU.Build.0 = Release|Any CPU
		{69A218D5-85E8-43C4-AA7E-EF954E65CF90}.Debug|Any CPU.ActiveCfg = Debug|Any CPU
		{69A218D5-85E8-43C4-AA7E-EF954E65CF90}.Debug|Any CPU.Build.0 = Debug|Any CPU
		{69A218D5-85E8-43C4-AA7E-EF954E65CF90}.Release|Any CPU.ActiveCfg = Release|Any CPU
		{69A218D5-85E8-43C4-AA7E-EF954E65CF90}.Release|Any CPU.Build.0 = Release|Any CPU
		{886038AC-A7F7-47F0-A6E7-B7B9A807520F}.Debug|Any CPU.ActiveCfg = Debug|Any CPU
		{886038AC-A7F7-47F0-A6E7-B7B9A807520F}.Debug|Any CPU.Build.0 = Debug|Any CPU
		{886038AC-A7F7-47F0-A6E7-B7B9A807520F}.Release|Any CPU.ActiveCfg = Release|Any CPU
		{886038AC-A7F7-47F0-A6E7-B7B9A807520F}.Release|Any CPU.Build.0 = Release|Any CPU
		{C06E8A19-AB77-48DF-9C80-CC4222E51162}.Debug|Any CPU.ActiveCfg = Debug|Any CPU
		{C06E8A19-AB77-48DF-9C80-CC4222E51162}.Debug|Any CPU.Build.0 = Debug|Any CPU
		{C06E8A19-AB77-48DF-9C80-CC4222E51162}.Release|Any CPU.ActiveCfg = Release|Any CPU
		{C06E8A19-AB77-48DF-9C80-CC4222E51162}.Release|Any CPU.Build.0 = Release|Any CPU
		{E467C737-E180-4127-8430-87A418F69E29}.Debug|Any CPU.ActiveCfg = Debug|Any CPU
		{E467C737-E180-4127-8430-87A418F69E29}.Debug|Any CPU.Build.0 = Debug|Any CPU
		{E467C737-E180-4127-8430-87A418F69E29}.Release|Any CPU.ActiveCfg = Release|Any CPU
		{E467C737-E180-4127-8430-87A418F69E29}.Release|Any CPU.Build.0 = Release|Any CPU
	EndGlobalSection
	GlobalSection(MonoDevelopProperties) = preSolution
		StartupItem = Minimal\Minimal.csproj
	EndGlobalSection
EndGlobal
